
Microsoft Visual Studio Solution File, Format Version 12.00
# Visual Studio 14
VisualStudioVersion = 14.0.25123.0
MinimumVisualStudioVersion = 10.0.40219.1
Project("{FAE04EC0-301F-11D3-BF4B-00C04F79EFBC}") = "Extensions", "Extensions\Extensions.csproj", "{33807B4B-EFC9-47F6-BB36-2A2E583DC3C1}"
EndProject
Project("{FAE04EC0-301F-11D3-BF4B-00C04F79EFBC}") = "FirstBeforeLast", "FirstBeforeLast\FirstBeforeLast.csproj", "{10B98054-C21D-461E-B87D-AEADFED052BF}"
EndProject
Project("{FAE04EC0-301F-11D3-BF4B-00C04F79EFBC}") = "DivisibleBySevenAndThree", "DivisibleBySevenAndThree\DivisibleBySevenAndThree.csproj", "{83021207-E6D2-4920-BF36-DB3D620B9E32}"
EndProject
Project("{FAE04EC0-301F-11D3-BF4B-00C04F79EFBC}") = "Timer", "Timer\Timer.csproj", "{6902EF44-8C5F-4365-BB26-4B100A419AAB}"
EndProject
Project("{FAE04EC0-301F-11D3-BF4B-00C04F79EFBC}") = "StudentGroups", "StudentGroups\StudentGroups.csproj", "{102197BB-3DA6-47EF-AB23-34EF437E64FC}"
EndProject
Project("{FAE04EC0-301F-11D3-BF4B-00C04F79EFBC}") = "LongestString", "LongestString\LongestString.csproj", "{1E632673-8FA0-40A1-A892-EB9DA085E46B}"
EndProject
Project("{FAE04EC0-301F-11D3-BF4B-00C04F79EFBC}") = "TimerEvent", "TimerEvent\TimerEvent.csproj", "{CE78A13E-9FA9-46F9-83E9-37B84E745B3A}"
EndProject
Global
	GlobalSection(SolutionConfigurationPlatforms) = preSolution
		Debug|Any CPU = Debug|Any CPU
		Release|Any CPU = Release|Any CPU
	EndGlobalSection
	GlobalSection(ProjectConfigurationPlatforms) = postSolution
		{33807B4B-EFC9-47F6-BB36-2A2E583DC3C1}.Debug|Any CPU.ActiveCfg = Debug|Any CPU
		{33807B4B-EFC9-47F6-BB36-2A2E583DC3C1}.Debug|Any CPU.Build.0 = Debug|Any CPU
		{33807B4B-EFC9-47F6-BB36-2A2E583DC3C1}.Release|Any CPU.ActiveCfg = Release|Any CPU
		{33807B4B-EFC9-47F6-BB36-2A2E583DC3C1}.Release|Any CPU.Build.0 = Release|Any CPU
		{10B98054-C21D-461E-B87D-AEADFED052BF}.Debug|Any CPU.ActiveCfg = Debug|Any CPU
		{10B98054-C21D-461E-B87D-AEADFED052BF}.Debug|Any CPU.Build.0 = Debug|Any CPU
		{10B98054-C21D-461E-B87D-AEADFED052BF}.Release|Any CPU.ActiveCfg = Release|Any CPU
		{10B98054-C21D-461E-B87D-AEADFED052BF}.Release|Any CPU.Build.0 = Release|Any CPU
		{83021207-E6D2-4920-BF36-DB3D620B9E32}.Debug|Any CPU.ActiveCfg = Debug|Any CPU
		{83021207-E6D2-4920-BF36-DB3D620B9E32}.Debug|Any CPU.Build.0 = Debug|Any CPU
		{83021207-E6D2-4920-BF36-DB3D620B9E32}.Release|Any CPU.ActiveCfg = Release|Any CPU
		{83021207-E6D2-4920-BF36-DB3D620B9E32}.Release|Any CPU.Build.0 = Release|Any CPU
		{6902EF44-8C5F-4365-BB26-4B100A419AAB}.Debug|Any CPU.ActiveCfg = Debug|Any CPU
		{6902EF44-8C5F-4365-BB26-4B100A419AAB}.Debug|Any CPU.Build.0 = Debug|Any CPU
		{6902EF44-8C5F-4365-BB26-4B100A419AAB}.Release|Any CPU.ActiveCfg = Release|Any CPU
		{6902EF44-8C5F-4365-BB26-4B100A419AAB}.Release|Any CPU.Build.0 = Release|Any CPU
		{102197BB-3DA6-47EF-AB23-34EF437E64FC}.Debug|Any CPU.ActiveCfg = Debug|Any CPU
		{102197BB-3DA6-47EF-AB23-34EF437E64FC}.Debug|Any CPU.Build.0 = Debug|Any CPU
		{102197BB-3DA6-47EF-AB23-34EF437E64FC}.Release|Any CPU.ActiveCfg = Release|Any CPU
		{102197BB-3DA6-47EF-AB23-34EF437E64FC}.Release|Any CPU.Build.0 = Release|Any CPU
		{1E632673-8FA0-40A1-A892-EB9DA085E46B}.Debug|Any CPU.ActiveCfg = Debug|Any CPU
		{1E632673-8FA0-40A1-A892-EB9DA085E46B}.Debug|Any CPU.Build.0 = Debug|Any CPU
		{1E632673-8FA0-40A1-A892-EB9DA085E46B}.Release|Any CPU.ActiveCfg = Release|Any CPU
		{1E632673-8FA0-40A1-A892-EB9DA085E46B}.Release|Any CPU.Build.0 = Release|Any CPU
		{CE78A13E-9FA9-46F9-83E9-37B84E745B3A}.Debug|Any CPU.ActiveCfg = Debug|Any CPU
		{CE78A13E-9FA9-46F9-83E9-37B84E745B3A}.Debug|Any CPU.Build.0 = Debug|Any CPU
		{CE78A13E-9FA9-46F9-83E9-37B84E745B3A}.Release|Any CPU.ActiveCfg = Release|Any CPU
		{CE78A13E-9FA9-46F9-83E9-37B84E745B3A}.Release|Any CPU.Build.0 = Release|Any CPU
	EndGlobalSection
	GlobalSection(SolutionProperties) = preSolution
		HideSolutionNode = FALSE
	EndGlobalSection
EndGlobal
