
Microsoft Visual Studio Solution File, Format Version 12.00
# Visual Studio 14
VisualStudioVersion = 14.0.24720.0
MinimumVisualStudioVersion = 10.0.40219.1
Project("{FAE04EC0-301F-11D3-BF4B-00C04F79EFBC}") = "OddOrEven", "OddOrEven\OddOrEven.csproj", "{AD2B2C5C-DCE8-42AD-82A5-BED190671C3D}"
EndProject
Project("{FAE04EC0-301F-11D3-BF4B-00C04F79EFBC}") = "MoonGravity", "MoonGravity\MoonGravity.csproj", "{91CA556C-C315-4811-A620-62E9F3C8C243}"
EndProject
Project("{FAE04EC0-301F-11D3-BF4B-00C04F79EFBC}") = "DivideBy7And5", "DivideBy7And5\DivideBy7And5.csproj", "{8B4C0504-C29B-4744-8A9B-EF493E4CABBE}"
EndProject
Project("{FAE04EC0-301F-11D3-BF4B-00C04F79EFBC}") = "ThirdBit", "ThirdBit\ThirdBit.csproj", "{7CADB713-208C-43A7-8E2D-F3E57FE5E319}"
EndProject
Project("{FAE04EC0-301F-11D3-BF4B-00C04F79EFBC}") = "NthBit", "NthBit\NthBit.csproj", "{16B7583E-1014-4C88-BCF8-0384FC1D6945}"
EndProject
Project("{FAE04EC0-301F-11D3-BF4B-00C04F79EFBC}") = "ModifyBit", "ModifyBit\ModifyBit.csproj", "{C46A948A-DC81-4CC5-8D31-B9B057D0DE1B}"
EndProject
Project("{FAE04EC0-301F-11D3-BF4B-00C04F79EFBC}") = "BitExchange", "BitExchange\BitExchange.csproj", "{FEC3D4B4-6DAD-4764-B18B-637B82658917}"
EndProject
Project("{FAE04EC0-301F-11D3-BF4B-00C04F79EFBC}") = "Rectangles", "Rectangles\Rectangles.csproj", "{C054370A-CCC0-4BE4-AE79-46A5082A3883}"
EndProject
Project("{FAE04EC0-301F-11D3-BF4B-00C04F79EFBC}") = "ThirdDigit", "ThirdDigit\ThirdDigit.csproj", "{EB2F096E-4B7F-48F3-8C5F-8278616FCC53}"
EndProject
Project("{FAE04EC0-301F-11D3-BF4B-00C04F79EFBC}") = "FourDigits", "FourDigits\FourDigits.csproj", "{749EF4EA-5DEA-40A8-88BA-1AF9DB60EA8D}"
EndProject
Project("{FAE04EC0-301F-11D3-BF4B-00C04F79EFBC}") = "PointInACircle", "PointInACircle\PointInACircle.csproj", "{F5F5C50C-5EF1-4EFB-B110-3BA5CF321724}"
EndProject
Project("{FAE04EC0-301F-11D3-BF4B-00C04F79EFBC}") = "PrimeCheck", "PrimeCheck\PrimeCheck.csproj", "{23A37197-7B7B-433E-B79A-9A01D8B20486}"
EndProject
Project("{FAE04EC0-301F-11D3-BF4B-00C04F79EFBC}") = "Trapezoids", "Trapezoids\Trapezoids.csproj", "{BA4536EB-5E5D-43E5-AF01-CBE975F0FBA8}"
EndProject
Project("{FAE04EC0-301F-11D3-BF4B-00C04F79EFBC}") = "PointCircleRectangle", "PointCircleRectangle\PointCircleRectangle.csproj", "{3CF6690A-428D-4B49-94BD-4816A87D23FF}"
EndProject
Project("{FAE04EC0-301F-11D3-BF4B-00C04F79EFBC}") = "BitSwap", "BitSwap\BitSwap.csproj", "{F04B8CF4-3B0A-47C8-BBAC-5B7E7A5A6ED2}"
EndProject
Global
	GlobalSection(SolutionConfigurationPlatforms) = preSolution
		Debug|Any CPU = Debug|Any CPU
		Release|Any CPU = Release|Any CPU
	EndGlobalSection
	GlobalSection(ProjectConfigurationPlatforms) = postSolution
		{AD2B2C5C-DCE8-42AD-82A5-BED190671C3D}.Debug|Any CPU.ActiveCfg = Debug|Any CPU
		{AD2B2C5C-DCE8-42AD-82A5-BED190671C3D}.Debug|Any CPU.Build.0 = Debug|Any CPU
		{AD2B2C5C-DCE8-42AD-82A5-BED190671C3D}.Release|Any CPU.ActiveCfg = Release|Any CPU
		{AD2B2C5C-DCE8-42AD-82A5-BED190671C3D}.Release|Any CPU.Build.0 = Release|Any CPU
		{91CA556C-C315-4811-A620-62E9F3C8C243}.Debug|Any CPU.ActiveCfg = Debug|Any CPU
		{91CA556C-C315-4811-A620-62E9F3C8C243}.Debug|Any CPU.Build.0 = Debug|Any CPU
		{91CA556C-C315-4811-A620-62E9F3C8C243}.Release|Any CPU.ActiveCfg = Release|Any CPU
		{91CA556C-C315-4811-A620-62E9F3C8C243}.Release|Any CPU.Build.0 = Release|Any CPU
		{8B4C0504-C29B-4744-8A9B-EF493E4CABBE}.Debug|Any CPU.ActiveCfg = Debug|Any CPU
		{8B4C0504-C29B-4744-8A9B-EF493E4CABBE}.Debug|Any CPU.Build.0 = Debug|Any CPU
		{8B4C0504-C29B-4744-8A9B-EF493E4CABBE}.Release|Any CPU.ActiveCfg = Release|Any CPU
		{8B4C0504-C29B-4744-8A9B-EF493E4CABBE}.Release|Any CPU.Build.0 = Release|Any CPU
		{7CADB713-208C-43A7-8E2D-F3E57FE5E319}.Debug|Any CPU.ActiveCfg = Debug|Any CPU
		{7CADB713-208C-43A7-8E2D-F3E57FE5E319}.Debug|Any CPU.Build.0 = Debug|Any CPU
		{7CADB713-208C-43A7-8E2D-F3E57FE5E319}.Release|Any CPU.ActiveCfg = Release|Any CPU
		{7CADB713-208C-43A7-8E2D-F3E57FE5E319}.Release|Any CPU.Build.0 = Release|Any CPU
		{16B7583E-1014-4C88-BCF8-0384FC1D6945}.Debug|Any CPU.ActiveCfg = Debug|Any CPU
		{16B7583E-1014-4C88-BCF8-0384FC1D6945}.Debug|Any CPU.Build.0 = Debug|Any CPU
		{16B7583E-1014-4C88-BCF8-0384FC1D6945}.Release|Any CPU.ActiveCfg = Release|Any CPU
		{16B7583E-1014-4C88-BCF8-0384FC1D6945}.Release|Any CPU.Build.0 = Release|Any CPU
		{C46A948A-DC81-4CC5-8D31-B9B057D0DE1B}.Debug|Any CPU.ActiveCfg = Debug|Any CPU
		{C46A948A-DC81-4CC5-8D31-B9B057D0DE1B}.Debug|Any CPU.Build.0 = Debug|Any CPU
		{C46A948A-DC81-4CC5-8D31-B9B057D0DE1B}.Release|Any CPU.ActiveCfg = Release|Any CPU
		{C46A948A-DC81-4CC5-8D31-B9B057D0DE1B}.Release|Any CPU.Build.0 = Release|Any CPU
		{FEC3D4B4-6DAD-4764-B18B-637B82658917}.Debug|Any CPU.ActiveCfg = Debug|Any CPU
		{FEC3D4B4-6DAD-4764-B18B-637B82658917}.Debug|Any CPU.Build.0 = Debug|Any CPU
		{FEC3D4B4-6DAD-4764-B18B-637B82658917}.Release|Any CPU.ActiveCfg = Release|Any CPU
		{FEC3D4B4-6DAD-4764-B18B-637B82658917}.Release|Any CPU.Build.0 = Release|Any CPU
		{C054370A-CCC0-4BE4-AE79-46A5082A3883}.Debug|Any CPU.ActiveCfg = Debug|Any CPU
		{C054370A-CCC0-4BE4-AE79-46A5082A3883}.Debug|Any CPU.Build.0 = Debug|Any CPU
		{C054370A-CCC0-4BE4-AE79-46A5082A3883}.Release|Any CPU.ActiveCfg = Release|Any CPU
		{C054370A-CCC0-4BE4-AE79-46A5082A3883}.Release|Any CPU.Build.0 = Release|Any CPU
		{EB2F096E-4B7F-48F3-8C5F-8278616FCC53}.Debug|Any CPU.ActiveCfg = Debug|Any CPU
		{EB2F096E-4B7F-48F3-8C5F-8278616FCC53}.Debug|Any CPU.Build.0 = Debug|Any CPU
		{EB2F096E-4B7F-48F3-8C5F-8278616FCC53}.Release|Any CPU.ActiveCfg = Release|Any CPU
		{EB2F096E-4B7F-48F3-8C5F-8278616FCC53}.Release|Any CPU.Build.0 = Release|Any CPU
		{749EF4EA-5DEA-40A8-88BA-1AF9DB60EA8D}.Debug|Any CPU.ActiveCfg = Debug|Any CPU
		{749EF4EA-5DEA-40A8-88BA-1AF9DB60EA8D}.Debug|Any CPU.Build.0 = Debug|Any CPU
		{749EF4EA-5DEA-40A8-88BA-1AF9DB60EA8D}.Release|Any CPU.ActiveCfg = Release|Any CPU
		{749EF4EA-5DEA-40A8-88BA-1AF9DB60EA8D}.Release|Any CPU.Build.0 = Release|Any CPU
		{F5F5C50C-5EF1-4EFB-B110-3BA5CF321724}.Debug|Any CPU.ActiveCfg = Debug|Any CPU
		{F5F5C50C-5EF1-4EFB-B110-3BA5CF321724}.Debug|Any CPU.Build.0 = Debug|Any CPU
		{F5F5C50C-5EF1-4EFB-B110-3BA5CF321724}.Release|Any CPU.ActiveCfg = Release|Any CPU
		{F5F5C50C-5EF1-4EFB-B110-3BA5CF321724}.Release|Any CPU.Build.0 = Release|Any CPU
		{23A37197-7B7B-433E-B79A-9A01D8B20486}.Debug|Any CPU.ActiveCfg = Debug|Any CPU
		{23A37197-7B7B-433E-B79A-9A01D8B20486}.Debug|Any CPU.Build.0 = Debug|Any CPU
		{23A37197-7B7B-433E-B79A-9A01D8B20486}.Release|Any CPU.ActiveCfg = Release|Any CPU
		{23A37197-7B7B-433E-B79A-9A01D8B20486}.Release|Any CPU.Build.0 = Release|Any CPU
		{BA4536EB-5E5D-43E5-AF01-CBE975F0FBA8}.Debug|Any CPU.ActiveCfg = Debug|Any CPU
		{BA4536EB-5E5D-43E5-AF01-CBE975F0FBA8}.Debug|Any CPU.Build.0 = Debug|Any CPU
		{BA4536EB-5E5D-43E5-AF01-CBE975F0FBA8}.Release|Any CPU.ActiveCfg = Release|Any CPU
		{BA4536EB-5E5D-43E5-AF01-CBE975F0FBA8}.Release|Any CPU.Build.0 = Release|Any CPU
		{3CF6690A-428D-4B49-94BD-4816A87D23FF}.Debug|Any CPU.ActiveCfg = Debug|Any CPU
		{3CF6690A-428D-4B49-94BD-4816A87D23FF}.Debug|Any CPU.Build.0 = Debug|Any CPU
		{3CF6690A-428D-4B49-94BD-4816A87D23FF}.Release|Any CPU.ActiveCfg = Release|Any CPU
		{3CF6690A-428D-4B49-94BD-4816A87D23FF}.Release|Any CPU.Build.0 = Release|Any CPU
		{F04B8CF4-3B0A-47C8-BBAC-5B7E7A5A6ED2}.Debug|Any CPU.ActiveCfg = Debug|Any CPU
		{F04B8CF4-3B0A-47C8-BBAC-5B7E7A5A6ED2}.Debug|Any CPU.Build.0 = Debug|Any CPU
		{F04B8CF4-3B0A-47C8-BBAC-5B7E7A5A6ED2}.Release|Any CPU.ActiveCfg = Release|Any CPU
		{F04B8CF4-3B0A-47C8-BBAC-5B7E7A5A6ED2}.Release|Any CPU.Build.0 = Release|Any CPU
	EndGlobalSection
	GlobalSection(SolutionProperties) = preSolution
		HideSolutionNode = FALSE
	EndGlobalSection
EndGlobal
