
Microsoft Visual Studio Solution File, Format Version 12.00
# Visual Studio 14
VisualStudioVersion = 14.0.24720.0
MinimumVisualStudioVersion = 10.0.40219.1
Project("{FAE04EC0-301F-11D3-BF4B-00C04F79EFBC}") = "2.GreedyDwarf", "2.GreedyDwarf\2.GreedyDwarf.csproj", "{C4BE44A7-C805-4E02-9038-3D0C9936D01F}"
EndProject
Project("{FAE04EC0-301F-11D3-BF4B-00C04F79EFBC}") = "1.Kaspichan", "1.Kaspichan\1.Kaspichan.csproj", "{4304A6E1-24FB-4122-A03B-AAB244BA4D40}"
EndProject
Project("{FAE04EC0-301F-11D3-BF4B-00C04F79EFBC}") = "3.Slides", "3.Slides\3.Slides.csproj", "{2FAD15AB-0BB0-4E69-B001-8BAA757CAE66}"
EndProject
Project("{FAE04EC0-301F-11D3-BF4B-00C04F79EFBC}") = "5.TwoTasks", "5.TwoTasks\5.TwoTasks.csproj", "{937F241B-D0DC-40F4-AE1F-15C05FB8E800}"
EndProject
Project("{FAE04EC0-301F-11D3-BF4B-00C04F79EFBC}") = "ConsoleApplication1", "ConsoleApplication1\ConsoleApplication1.csproj", "{E6DD7B89-58F0-4EEF-8BEE-A14AD7A84FAE}"
EndProject
Global
	GlobalSection(SolutionConfigurationPlatforms) = preSolution
		Debug|Any CPU = Debug|Any CPU
		Release|Any CPU = Release|Any CPU
	EndGlobalSection
	GlobalSection(ProjectConfigurationPlatforms) = postSolution
		{C4BE44A7-C805-4E02-9038-3D0C9936D01F}.Debug|Any CPU.ActiveCfg = Debug|Any CPU
		{C4BE44A7-C805-4E02-9038-3D0C9936D01F}.Debug|Any CPU.Build.0 = Debug|Any CPU
		{C4BE44A7-C805-4E02-9038-3D0C9936D01F}.Release|Any CPU.ActiveCfg = Release|Any CPU
		{C4BE44A7-C805-4E02-9038-3D0C9936D01F}.Release|Any CPU.Build.0 = Release|Any CPU
		{4304A6E1-24FB-4122-A03B-AAB244BA4D40}.Debug|Any CPU.ActiveCfg = Debug|Any CPU
		{4304A6E1-24FB-4122-A03B-AAB244BA4D40}.Debug|Any CPU.Build.0 = Debug|Any CPU
		{4304A6E1-24FB-4122-A03B-AAB244BA4D40}.Release|Any CPU.ActiveCfg = Release|Any CPU
		{4304A6E1-24FB-4122-A03B-AAB244BA4D40}.Release|Any CPU.Build.0 = Release|Any CPU
		{2FAD15AB-0BB0-4E69-B001-8BAA757CAE66}.Debug|Any CPU.ActiveCfg = Debug|Any CPU
		{2FAD15AB-0BB0-4E69-B001-8BAA757CAE66}.Debug|Any CPU.Build.0 = Debug|Any CPU
		{2FAD15AB-0BB0-4E69-B001-8BAA757CAE66}.Release|Any CPU.ActiveCfg = Release|Any CPU
		{2FAD15AB-0BB0-4E69-B001-8BAA757CAE66}.Release|Any CPU.Build.0 = Release|Any CPU
		{937F241B-D0DC-40F4-AE1F-15C05FB8E800}.Debug|Any CPU.ActiveCfg = Debug|Any CPU
		{937F241B-D0DC-40F4-AE1F-15C05FB8E800}.Debug|Any CPU.Build.0 = Debug|Any CPU
		{937F241B-D0DC-40F4-AE1F-15C05FB8E800}.Release|Any CPU.ActiveCfg = Release|Any CPU
		{937F241B-D0DC-40F4-AE1F-15C05FB8E800}.Release|Any CPU.Build.0 = Release|Any CPU
		{E6DD7B89-58F0-4EEF-8BEE-A14AD7A84FAE}.Debug|Any CPU.ActiveCfg = Debug|Any CPU
		{E6DD7B89-58F0-4EEF-8BEE-A14AD7A84FAE}.Debug|Any CPU.Build.0 = Debug|Any CPU
		{E6DD7B89-58F0-4EEF-8BEE-A14AD7A84FAE}.Release|Any CPU.ActiveCfg = Release|Any CPU
		{E6DD7B89-58F0-4EEF-8BEE-A14AD7A84FAE}.Release|Any CPU.Build.0 = Release|Any CPU
	EndGlobalSection
	GlobalSection(SolutionProperties) = preSolution
		HideSolutionNode = FALSE
	EndGlobalSection
EndGlobal
