
Microsoft Visual Studio Solution File, Format Version 12.00
# Visual Studio 14
VisualStudioVersion = 14.0.25420.1
MinimumVisualStudioVersion = 10.0.40219.1
Project("{FAE04EC0-301F-11D3-BF4B-00C04F79EFBC}") = "ArmyOfCreatures", "ArmyOfCreatures\ArmyOfCreatures.csproj", "{BB52E531-9691-46AF-9ED3-0EC7B011FBEC}"
EndProject
Project("{FAE04EC0-301F-11D3-BF4B-00C04F79EFBC}") = "ArmyOfCreatures.UnitTests", "ArmyOfCreatures.UnitTests\ArmyOfCreatures.UnitTests.csproj", "{2D20AF0D-AEF2-46E0-BB8B-2D1E9E3698F6}"
EndProject
Global
	GlobalSection(SolutionConfigurationPlatforms) = preSolution
		Debug|Any CPU = Debug|Any CPU
		Release|Any CPU = Release|Any CPU
	EndGlobalSection
	GlobalSection(ProjectConfigurationPlatforms) = postSolution
		{BB52E531-9691-46AF-9ED3-0EC7B011FBEC}.Debug|Any CPU.ActiveCfg = Debug|Any CPU
		{BB52E531-9691-46AF-9ED3-0EC7B011FBEC}.Debug|Any CPU.Build.0 = Debug|Any CPU
		{BB52E531-9691-46AF-9ED3-0EC7B011FBEC}.Release|Any CPU.ActiveCfg = Release|Any CPU
		{BB52E531-9691-46AF-9ED3-0EC7B011FBEC}.Release|Any CPU.Build.0 = Release|Any CPU
		{2D20AF0D-AEF2-46E0-BB8B-2D1E9E3698F6}.Debug|Any CPU.ActiveCfg = Debug|Any CPU
		{2D20AF0D-AEF2-46E0-BB8B-2D1E9E3698F6}.Debug|Any CPU.Build.0 = Debug|Any CPU
		{2D20AF0D-AEF2-46E0-BB8B-2D1E9E3698F6}.Release|Any CPU.ActiveCfg = Release|Any CPU
		{2D20AF0D-AEF2-46E0-BB8B-2D1E9E3698F6}.Release|Any CPU.Build.0 = Release|Any CPU
	EndGlobalSection
	GlobalSection(SolutionProperties) = preSolution
		HideSolutionNode = FALSE
	EndGlobalSection
EndGlobal
