
Microsoft Visual Studio Solution File, Format Version 12.00
# Visual Studio 14
VisualStudioVersion = 14.0.24720.0
MinimumVisualStudioVersion = 10.0.40219.1
Project("{FAE04EC0-301F-11D3-BF4B-00C04F79EFBC}") = "ExchangeNumbers", "ExchangeNumbers\ExchangeNumbers.csproj", "{73EE67FE-36B4-4550-BB6A-C974C6F46D4F}"
EndProject
Project("{FAE04EC0-301F-11D3-BF4B-00C04F79EFBC}") = "BonusScore", "BonusScore\BonusScore.csproj", "{B70F4DB8-1250-4408-A175-A9B4C19E52CB}"
EndProject
Project("{FAE04EC0-301F-11D3-BF4B-00C04F79EFBC}") = "PlayCard", "PlayCard\PlayCard.csproj", "{29F98A0C-EF4D-4319-8E72-51FBED887D86}"
EndProject
Project("{FAE04EC0-301F-11D3-BF4B-00C04F79EFBC}") = "MultiplicationSign", "MultiplicationSign\MultiplicationSign.csproj", "{B34B88E7-F6F6-4CBF-896A-A2EA1ED94966}"
EndProject
Project("{FAE04EC0-301F-11D3-BF4B-00C04F79EFBC}") = "BiggestOfThree", "BiggestOfThree\BiggestOfThree.csproj", "{E00A408C-3175-413C-B4BC-716C0C5E92FF}"
EndProject
Project("{FAE04EC0-301F-11D3-BF4B-00C04F79EFBC}") = "BiggestOfFive", "BiggestOfFive\BiggestOfFive.csproj", "{1026DEEE-802C-4283-BCD7-0CFD78F8B630}"
EndProject
Project("{FAE04EC0-301F-11D3-BF4B-00C04F79EFBC}") = "SortThreeNumbers", "SortThreeNumbers\SortThreeNumbers.csproj", "{682A4254-F718-4605-B84C-49BD80672EA8}"
EndProject
Project("{FAE04EC0-301F-11D3-BF4B-00C04F79EFBC}") = "DigitAsWord", "DigitAsWord\DigitAsWord.csproj", "{45CD663D-F2EB-44B0-BAF1-CEAF320C6EDF}"
EndProject
Project("{FAE04EC0-301F-11D3-BF4B-00C04F79EFBC}") = "IntDoubleString", "IntDoubleString\IntDoubleString.csproj", "{6520621C-C789-4806-B592-9A39E6627EB2}"
EndProject
Global
	GlobalSection(SolutionConfigurationPlatforms) = preSolution
		Debug|Any CPU = Debug|Any CPU
		Release|Any CPU = Release|Any CPU
	EndGlobalSection
	GlobalSection(ProjectConfigurationPlatforms) = postSolution
		{73EE67FE-36B4-4550-BB6A-C974C6F46D4F}.Debug|Any CPU.ActiveCfg = Debug|Any CPU
		{73EE67FE-36B4-4550-BB6A-C974C6F46D4F}.Debug|Any CPU.Build.0 = Debug|Any CPU
		{73EE67FE-36B4-4550-BB6A-C974C6F46D4F}.Release|Any CPU.ActiveCfg = Release|Any CPU
		{73EE67FE-36B4-4550-BB6A-C974C6F46D4F}.Release|Any CPU.Build.0 = Release|Any CPU
		{B70F4DB8-1250-4408-A175-A9B4C19E52CB}.Debug|Any CPU.ActiveCfg = Debug|Any CPU
		{B70F4DB8-1250-4408-A175-A9B4C19E52CB}.Debug|Any CPU.Build.0 = Debug|Any CPU
		{B70F4DB8-1250-4408-A175-A9B4C19E52CB}.Release|Any CPU.ActiveCfg = Release|Any CPU
		{B70F4DB8-1250-4408-A175-A9B4C19E52CB}.Release|Any CPU.Build.0 = Release|Any CPU
		{29F98A0C-EF4D-4319-8E72-51FBED887D86}.Debug|Any CPU.ActiveCfg = Debug|Any CPU
		{29F98A0C-EF4D-4319-8E72-51FBED887D86}.Debug|Any CPU.Build.0 = Debug|Any CPU
		{29F98A0C-EF4D-4319-8E72-51FBED887D86}.Release|Any CPU.ActiveCfg = Release|Any CPU
		{29F98A0C-EF4D-4319-8E72-51FBED887D86}.Release|Any CPU.Build.0 = Release|Any CPU
		{B34B88E7-F6F6-4CBF-896A-A2EA1ED94966}.Debug|Any CPU.ActiveCfg = Debug|Any CPU
		{B34B88E7-F6F6-4CBF-896A-A2EA1ED94966}.Debug|Any CPU.Build.0 = Debug|Any CPU
		{B34B88E7-F6F6-4CBF-896A-A2EA1ED94966}.Release|Any CPU.ActiveCfg = Release|Any CPU
		{B34B88E7-F6F6-4CBF-896A-A2EA1ED94966}.Release|Any CPU.Build.0 = Release|Any CPU
		{E00A408C-3175-413C-B4BC-716C0C5E92FF}.Debug|Any CPU.ActiveCfg = Debug|Any CPU
		{E00A408C-3175-413C-B4BC-716C0C5E92FF}.Debug|Any CPU.Build.0 = Debug|Any CPU
		{E00A408C-3175-413C-B4BC-716C0C5E92FF}.Release|Any CPU.ActiveCfg = Release|Any CPU
		{E00A408C-3175-413C-B4BC-716C0C5E92FF}.Release|Any CPU.Build.0 = Release|Any CPU
		{1026DEEE-802C-4283-BCD7-0CFD78F8B630}.Debug|Any CPU.ActiveCfg = Debug|Any CPU
		{1026DEEE-802C-4283-BCD7-0CFD78F8B630}.Debug|Any CPU.Build.0 = Debug|Any CPU
		{1026DEEE-802C-4283-BCD7-0CFD78F8B630}.Release|Any CPU.ActiveCfg = Release|Any CPU
		{1026DEEE-802C-4283-BCD7-0CFD78F8B630}.Release|Any CPU.Build.0 = Release|Any CPU
		{682A4254-F718-4605-B84C-49BD80672EA8}.Debug|Any CPU.ActiveCfg = Debug|Any CPU
		{682A4254-F718-4605-B84C-49BD80672EA8}.Debug|Any CPU.Build.0 = Debug|Any CPU
		{682A4254-F718-4605-B84C-49BD80672EA8}.Release|Any CPU.ActiveCfg = Release|Any CPU
		{682A4254-F718-4605-B84C-49BD80672EA8}.Release|Any CPU.Build.0 = Release|Any CPU
		{45CD663D-F2EB-44B0-BAF1-CEAF320C6EDF}.Debug|Any CPU.ActiveCfg = Debug|Any CPU
		{45CD663D-F2EB-44B0-BAF1-CEAF320C6EDF}.Debug|Any CPU.Build.0 = Debug|Any CPU
		{45CD663D-F2EB-44B0-BAF1-CEAF320C6EDF}.Release|Any CPU.ActiveCfg = Release|Any CPU
		{45CD663D-F2EB-44B0-BAF1-CEAF320C6EDF}.Release|Any CPU.Build.0 = Release|Any CPU
		{6520621C-C789-4806-B592-9A39E6627EB2}.Debug|Any CPU.ActiveCfg = Debug|Any CPU
		{6520621C-C789-4806-B592-9A39E6627EB2}.Debug|Any CPU.Build.0 = Debug|Any CPU
		{6520621C-C789-4806-B592-9A39E6627EB2}.Release|Any CPU.ActiveCfg = Release|Any CPU
		{6520621C-C789-4806-B592-9A39E6627EB2}.Release|Any CPU.Build.0 = Release|Any CPU
	EndGlobalSection
	GlobalSection(SolutionProperties) = preSolution
		HideSolutionNode = FALSE
	EndGlobalSection
EndGlobal
