
Microsoft Visual Studio Solution File, Format Version 12.00
# Visual Studio 14
VisualStudioVersion = 14.0.24720.0
MinimumVisualStudioVersion = 10.0.40219.1
Project("{FAE04EC0-301F-11D3-BF4B-00C04F79EFBC}") = "TripleDigitRotation", "TripleDigitRotation\TripleDigitRotation.csproj", "{45461075-F4CC-4919-8B4D-C2012F9A44B4}"
EndProject
Project("{FAE04EC0-301F-11D3-BF4B-00C04F79EFBC}") = "Qadranacci", "Qadranacci\Qadranacci.csproj", "{B69BD7CA-D44F-4A3C-BC3F-BA770E1AD09F}"
EndProject
Project("{FAE04EC0-301F-11D3-BF4B-00C04F79EFBC}") = "TextCasingHW", "ConsoleApplication1\TextCasingHW.csproj", "{28B899A9-3899-4D78-A53A-DF0EC8EDC6B1}"
EndProject
Project("{FAE04EC0-301F-11D3-BF4B-00C04F79EFBC}") = "UKFlag", "UKFlag\UKFlag.csproj", "{D794DF59-9099-405C-80E7-E80F5D396843}"
EndProject
Project("{FAE04EC0-301F-11D3-BF4B-00C04F79EFBC}") = "Poker", "Poker\Poker.csproj", "{17A0E53A-C224-4AD9-A3CE-3E3EC1E46001}"
EndProject
Project("{FAE04EC0-301F-11D3-BF4B-00C04F79EFBC}") = "AngryBits", "AngryBits\AngryBits.csproj", "{5E68AC56-6B5F-48E7-8037-3E55173C98EF}"
EndProject
Global
	GlobalSection(SolutionConfigurationPlatforms) = preSolution
		Debug|Any CPU = Debug|Any CPU
		Release|Any CPU = Release|Any CPU
	EndGlobalSection
	GlobalSection(ProjectConfigurationPlatforms) = postSolution
		{45461075-F4CC-4919-8B4D-C2012F9A44B4}.Debug|Any CPU.ActiveCfg = Debug|Any CPU
		{45461075-F4CC-4919-8B4D-C2012F9A44B4}.Debug|Any CPU.Build.0 = Debug|Any CPU
		{45461075-F4CC-4919-8B4D-C2012F9A44B4}.Release|Any CPU.ActiveCfg = Release|Any CPU
		{45461075-F4CC-4919-8B4D-C2012F9A44B4}.Release|Any CPU.Build.0 = Release|Any CPU
		{B69BD7CA-D44F-4A3C-BC3F-BA770E1AD09F}.Debug|Any CPU.ActiveCfg = Debug|Any CPU
		{B69BD7CA-D44F-4A3C-BC3F-BA770E1AD09F}.Debug|Any CPU.Build.0 = Debug|Any CPU
		{B69BD7CA-D44F-4A3C-BC3F-BA770E1AD09F}.Release|Any CPU.ActiveCfg = Release|Any CPU
		{B69BD7CA-D44F-4A3C-BC3F-BA770E1AD09F}.Release|Any CPU.Build.0 = Release|Any CPU
		{28B899A9-3899-4D78-A53A-DF0EC8EDC6B1}.Debug|Any CPU.ActiveCfg = Debug|Any CPU
		{28B899A9-3899-4D78-A53A-DF0EC8EDC6B1}.Debug|Any CPU.Build.0 = Debug|Any CPU
		{28B899A9-3899-4D78-A53A-DF0EC8EDC6B1}.Release|Any CPU.ActiveCfg = Release|Any CPU
		{28B899A9-3899-4D78-A53A-DF0EC8EDC6B1}.Release|Any CPU.Build.0 = Release|Any CPU
		{D794DF59-9099-405C-80E7-E80F5D396843}.Debug|Any CPU.ActiveCfg = Debug|Any CPU
		{D794DF59-9099-405C-80E7-E80F5D396843}.Debug|Any CPU.Build.0 = Debug|Any CPU
		{D794DF59-9099-405C-80E7-E80F5D396843}.Release|Any CPU.ActiveCfg = Release|Any CPU
		{D794DF59-9099-405C-80E7-E80F5D396843}.Release|Any CPU.Build.0 = Release|Any CPU
		{17A0E53A-C224-4AD9-A3CE-3E3EC1E46001}.Debug|Any CPU.ActiveCfg = Debug|Any CPU
		{17A0E53A-C224-4AD9-A3CE-3E3EC1E46001}.Debug|Any CPU.Build.0 = Debug|Any CPU
		{17A0E53A-C224-4AD9-A3CE-3E3EC1E46001}.Release|Any CPU.ActiveCfg = Release|Any CPU
		{17A0E53A-C224-4AD9-A3CE-3E3EC1E46001}.Release|Any CPU.Build.0 = Release|Any CPU
		{5E68AC56-6B5F-48E7-8037-3E55173C98EF}.Debug|Any CPU.ActiveCfg = Debug|Any CPU
		{5E68AC56-6B5F-48E7-8037-3E55173C98EF}.Debug|Any CPU.Build.0 = Debug|Any CPU
		{5E68AC56-6B5F-48E7-8037-3E55173C98EF}.Release|Any CPU.ActiveCfg = Release|Any CPU
		{5E68AC56-6B5F-48E7-8037-3E55173C98EF}.Release|Any CPU.Build.0 = Release|Any CPU
	EndGlobalSection
	GlobalSection(SolutionProperties) = preSolution
		HideSolutionNode = FALSE
	EndGlobalSection
EndGlobal
