
Microsoft Visual Studio Solution File, Format Version 12.00
# Visual Studio 14
VisualStudioVersion = 14.0.25420.1
MinimumVisualStudioVersion = 10.0.40219.1
Project("{FAE04EC0-301F-11D3-BF4B-00C04F79EFBC}") = "01.SumAndAverageOfSequence", "SumAndAverageOfSequence\01.SumAndAverageOfSequence.csproj", "{B180D2AF-4E4D-449B-A0CE-D82C4B74413A}"
EndProject
Project("{FAE04EC0-301F-11D3-BF4B-00C04F79EFBC}") = "14.Labyrinth", "Lab\14.Labyrinth.csproj", "{A3345A0C-C217-4D5D-B9FA-5521F0BD2820}"
EndProject
Project("{FAE04EC0-301F-11D3-BF4B-00C04F79EFBC}") = "02.ReverseIntegers", "ReverseIntegers\02.ReverseIntegers.csproj", "{956C43BE-451B-4BF3-B4ED-B875C3E2F923}"
EndProject
Project("{FAE04EC0-301F-11D3-BF4B-00C04F79EFBC}") = "03.SortIntegersInIncreasingOrder", "SortIntegersInIncreasingOrder\03.SortIntegersInIncreasingOrder.csproj", "{E236987D-5CCE-4865-99D0-A37BB739933B}"
EndProject
Project("{FAE04EC0-301F-11D3-BF4B-00C04F79EFBC}") = "04.LongestSubsequenceOfEqualNumbers", "LongestSubsequenceOfEqualNumbers\04.LongestSubsequenceOfEqualNumbers.csproj", "{7CBE46B3-D842-4699-9EAC-906F87397C9A}"
EndProject
Project("{FAE04EC0-301F-11D3-BF4B-00C04F79EFBC}") = "05.RemoveAllNegativeNumbers", "RemoveAllNegativeNumbers\05.RemoveAllNegativeNumbers.csproj", "{4E21333A-4013-46CF-A2CE-97937B8840BB}"
EndProject
Project("{FAE04EC0-301F-11D3-BF4B-00C04F79EFBC}") = "06.RemoveOddOcurringNumbers", "RemoveOddOcurringNumbers\06.RemoveOddOcurringNumbers.csproj", "{29FF81B2-7B0E-434B-89EB-4404D89D3F42}"
EndProject
Project("{FAE04EC0-301F-11D3-BF4B-00C04F79EFBC}") = "07.CountOfElements", "CountOfElements\07.CountOfElements.csproj", "{4B6652E5-9C52-4C3C-82B9-CD8CDB5FC6AA}"
EndProject
Project("{FAE04EC0-301F-11D3-BF4B-00C04F79EFBC}") = "08.Majorant", "Majorant\08.Majorant.csproj", "{8255528F-A59E-47FA-8A20-19D464EBD62C}"
EndProject
Project("{FAE04EC0-301F-11D3-BF4B-00C04F79EFBC}") = "09.Sequence", "Sequence\09.Sequence.csproj", "{7C591960-D5C4-4926-B92D-F5E319D81F02}"
EndProject
Project("{FAE04EC0-301F-11D3-BF4B-00C04F79EFBC}") = "10.ShortestSequence", "ShortestSequence\10.ShortestSequence.csproj", "{9C40676B-88EE-4485-91EB-104BE0D23F10}"
EndProject
Project("{FAE04EC0-301F-11D3-BF4B-00C04F79EFBC}") = "11.MyLinkedList", "MyLinkedList\11.MyLinkedList.csproj", "{EB5E2476-38FE-4EF9-A357-D0B6C41537CA}"
EndProject
Project("{FAE04EC0-301F-11D3-BF4B-00C04F79EFBC}") = "12.MyStack", "MyStack\12.MyStack.csproj", "{E10D0ACC-D64A-406A-AA56-AE2C2E547424}"
EndProject
Project("{FAE04EC0-301F-11D3-BF4B-00C04F79EFBC}") = "13.MyQueue", "MyQueue\13.MyQueue.csproj", "{F2EE0BEE-D6F9-452A-8237-8689D767F0DC}"
EndProject
Global
	GlobalSection(SolutionConfigurationPlatforms) = preSolution
		Debug|Any CPU = Debug|Any CPU
		Release|Any CPU = Release|Any CPU
	EndGlobalSection
	GlobalSection(ProjectConfigurationPlatforms) = postSolution
		{B180D2AF-4E4D-449B-A0CE-D82C4B74413A}.Debug|Any CPU.ActiveCfg = Debug|Any CPU
		{B180D2AF-4E4D-449B-A0CE-D82C4B74413A}.Debug|Any CPU.Build.0 = Debug|Any CPU
		{B180D2AF-4E4D-449B-A0CE-D82C4B74413A}.Release|Any CPU.ActiveCfg = Release|Any CPU
		{B180D2AF-4E4D-449B-A0CE-D82C4B74413A}.Release|Any CPU.Build.0 = Release|Any CPU
		{A3345A0C-C217-4D5D-B9FA-5521F0BD2820}.Debug|Any CPU.ActiveCfg = Debug|Any CPU
		{A3345A0C-C217-4D5D-B9FA-5521F0BD2820}.Debug|Any CPU.Build.0 = Debug|Any CPU
		{A3345A0C-C217-4D5D-B9FA-5521F0BD2820}.Release|Any CPU.ActiveCfg = Release|Any CPU
		{A3345A0C-C217-4D5D-B9FA-5521F0BD2820}.Release|Any CPU.Build.0 = Release|Any CPU
		{956C43BE-451B-4BF3-B4ED-B875C3E2F923}.Debug|Any CPU.ActiveCfg = Debug|Any CPU
		{956C43BE-451B-4BF3-B4ED-B875C3E2F923}.Debug|Any CPU.Build.0 = Debug|Any CPU
		{956C43BE-451B-4BF3-B4ED-B875C3E2F923}.Release|Any CPU.ActiveCfg = Release|Any CPU
		{956C43BE-451B-4BF3-B4ED-B875C3E2F923}.Release|Any CPU.Build.0 = Release|Any CPU
		{E236987D-5CCE-4865-99D0-A37BB739933B}.Debug|Any CPU.ActiveCfg = Debug|Any CPU
		{E236987D-5CCE-4865-99D0-A37BB739933B}.Debug|Any CPU.Build.0 = Debug|Any CPU
		{E236987D-5CCE-4865-99D0-A37BB739933B}.Release|Any CPU.ActiveCfg = Release|Any CPU
		{E236987D-5CCE-4865-99D0-A37BB739933B}.Release|Any CPU.Build.0 = Release|Any CPU
		{7CBE46B3-D842-4699-9EAC-906F87397C9A}.Debug|Any CPU.ActiveCfg = Debug|Any CPU
		{7CBE46B3-D842-4699-9EAC-906F87397C9A}.Debug|Any CPU.Build.0 = Debug|Any CPU
		{7CBE46B3-D842-4699-9EAC-906F87397C9A}.Release|Any CPU.ActiveCfg = Release|Any CPU
		{7CBE46B3-D842-4699-9EAC-906F87397C9A}.Release|Any CPU.Build.0 = Release|Any CPU
		{4E21333A-4013-46CF-A2CE-97937B8840BB}.Debug|Any CPU.ActiveCfg = Debug|Any CPU
		{4E21333A-4013-46CF-A2CE-97937B8840BB}.Debug|Any CPU.Build.0 = Debug|Any CPU
		{4E21333A-4013-46CF-A2CE-97937B8840BB}.Release|Any CPU.ActiveCfg = Release|Any CPU
		{4E21333A-4013-46CF-A2CE-97937B8840BB}.Release|Any CPU.Build.0 = Release|Any CPU
		{29FF81B2-7B0E-434B-89EB-4404D89D3F42}.Debug|Any CPU.ActiveCfg = Debug|Any CPU
		{29FF81B2-7B0E-434B-89EB-4404D89D3F42}.Debug|Any CPU.Build.0 = Debug|Any CPU
		{29FF81B2-7B0E-434B-89EB-4404D89D3F42}.Release|Any CPU.ActiveCfg = Release|Any CPU
		{29FF81B2-7B0E-434B-89EB-4404D89D3F42}.Release|Any CPU.Build.0 = Release|Any CPU
		{4B6652E5-9C52-4C3C-82B9-CD8CDB5FC6AA}.Debug|Any CPU.ActiveCfg = Debug|Any CPU
		{4B6652E5-9C52-4C3C-82B9-CD8CDB5FC6AA}.Debug|Any CPU.Build.0 = Debug|Any CPU
		{4B6652E5-9C52-4C3C-82B9-CD8CDB5FC6AA}.Release|Any CPU.ActiveCfg = Release|Any CPU
		{4B6652E5-9C52-4C3C-82B9-CD8CDB5FC6AA}.Release|Any CPU.Build.0 = Release|Any CPU
		{8255528F-A59E-47FA-8A20-19D464EBD62C}.Debug|Any CPU.ActiveCfg = Debug|Any CPU
		{8255528F-A59E-47FA-8A20-19D464EBD62C}.Debug|Any CPU.Build.0 = Debug|Any CPU
		{8255528F-A59E-47FA-8A20-19D464EBD62C}.Release|Any CPU.ActiveCfg = Release|Any CPU
		{8255528F-A59E-47FA-8A20-19D464EBD62C}.Release|Any CPU.Build.0 = Release|Any CPU
		{7C591960-D5C4-4926-B92D-F5E319D81F02}.Debug|Any CPU.ActiveCfg = Debug|Any CPU
		{7C591960-D5C4-4926-B92D-F5E319D81F02}.Debug|Any CPU.Build.0 = Debug|Any CPU
		{7C591960-D5C4-4926-B92D-F5E319D81F02}.Release|Any CPU.ActiveCfg = Release|Any CPU
		{7C591960-D5C4-4926-B92D-F5E319D81F02}.Release|Any CPU.Build.0 = Release|Any CPU
		{9C40676B-88EE-4485-91EB-104BE0D23F10}.Debug|Any CPU.ActiveCfg = Debug|Any CPU
		{9C40676B-88EE-4485-91EB-104BE0D23F10}.Debug|Any CPU.Build.0 = Debug|Any CPU
		{9C40676B-88EE-4485-91EB-104BE0D23F10}.Release|Any CPU.ActiveCfg = Release|Any CPU
		{9C40676B-88EE-4485-91EB-104BE0D23F10}.Release|Any CPU.Build.0 = Release|Any CPU
		{EB5E2476-38FE-4EF9-A357-D0B6C41537CA}.Debug|Any CPU.ActiveCfg = Debug|Any CPU
		{EB5E2476-38FE-4EF9-A357-D0B6C41537CA}.Debug|Any CPU.Build.0 = Debug|Any CPU
		{EB5E2476-38FE-4EF9-A357-D0B6C41537CA}.Release|Any CPU.ActiveCfg = Release|Any CPU
		{EB5E2476-38FE-4EF9-A357-D0B6C41537CA}.Release|Any CPU.Build.0 = Release|Any CPU
		{E10D0ACC-D64A-406A-AA56-AE2C2E547424}.Debug|Any CPU.ActiveCfg = Debug|Any CPU
		{E10D0ACC-D64A-406A-AA56-AE2C2E547424}.Debug|Any CPU.Build.0 = Debug|Any CPU
		{E10D0ACC-D64A-406A-AA56-AE2C2E547424}.Release|Any CPU.ActiveCfg = Release|Any CPU
		{E10D0ACC-D64A-406A-AA56-AE2C2E547424}.Release|Any CPU.Build.0 = Release|Any CPU
		{F2EE0BEE-D6F9-452A-8237-8689D767F0DC}.Debug|Any CPU.ActiveCfg = Debug|Any CPU
		{F2EE0BEE-D6F9-452A-8237-8689D767F0DC}.Debug|Any CPU.Build.0 = Debug|Any CPU
		{F2EE0BEE-D6F9-452A-8237-8689D767F0DC}.Release|Any CPU.ActiveCfg = Release|Any CPU
		{F2EE0BEE-D6F9-452A-8237-8689D767F0DC}.Release|Any CPU.Build.0 = Release|Any CPU
	EndGlobalSection
	GlobalSection(SolutionProperties) = preSolution
		HideSolutionNode = FALSE
	EndGlobalSection
EndGlobal
