
Microsoft Visual Studio Solution File, Format Version 12.00
# Visual Studio 14
VisualStudioVersion = 14.0.24720.0
MinimumVisualStudioVersion = 10.0.40219.1
Project("{FAE04EC0-301F-11D3-BF4B-00C04F79EFBC}") = "CoffeMachine", "CoffeMachine\CoffeMachine.csproj", "{DE6E5815-C59C-461A-A761-6D5C3E23A665}"
EndProject
Project("{FAE04EC0-301F-11D3-BF4B-00C04F79EFBC}") = "BullsAndCows", "BullsAndCows\BullsAndCows.csproj", "{7228E883-B640-4EE9-A874-8C5D232B983C}"
EndProject
Project("{FAE04EC0-301F-11D3-BF4B-00C04F79EFBC}") = "DrunkenNumbersStr", "DrunkenNumbersStr\DrunkenNumbersStr.csproj", "{584725A9-A61C-4D4E-AE92-3AE307567355}"
EndProject
Project("{FAE04EC0-301F-11D3-BF4B-00C04F79EFBC}") = "FireInTheMatrix", "FireInTheMatrix\FireInTheMatrix.csproj", "{27122739-4AAC-4DFE-AD82-09FB106E3154}"
EndProject
Global
	GlobalSection(SolutionConfigurationPlatforms) = preSolution
		Debug|Any CPU = Debug|Any CPU
		Release|Any CPU = Release|Any CPU
	EndGlobalSection
	GlobalSection(ProjectConfigurationPlatforms) = postSolution
		{DE6E5815-C59C-461A-A761-6D5C3E23A665}.Debug|Any CPU.ActiveCfg = Debug|Any CPU
		{DE6E5815-C59C-461A-A761-6D5C3E23A665}.Debug|Any CPU.Build.0 = Debug|Any CPU
		{DE6E5815-C59C-461A-A761-6D5C3E23A665}.Release|Any CPU.ActiveCfg = Release|Any CPU
		{DE6E5815-C59C-461A-A761-6D5C3E23A665}.Release|Any CPU.Build.0 = Release|Any CPU
		{7228E883-B640-4EE9-A874-8C5D232B983C}.Debug|Any CPU.ActiveCfg = Debug|Any CPU
		{7228E883-B640-4EE9-A874-8C5D232B983C}.Debug|Any CPU.Build.0 = Debug|Any CPU
		{7228E883-B640-4EE9-A874-8C5D232B983C}.Release|Any CPU.ActiveCfg = Release|Any CPU
		{7228E883-B640-4EE9-A874-8C5D232B983C}.Release|Any CPU.Build.0 = Release|Any CPU
		{584725A9-A61C-4D4E-AE92-3AE307567355}.Debug|Any CPU.ActiveCfg = Debug|Any CPU
		{584725A9-A61C-4D4E-AE92-3AE307567355}.Debug|Any CPU.Build.0 = Debug|Any CPU
		{584725A9-A61C-4D4E-AE92-3AE307567355}.Release|Any CPU.ActiveCfg = Release|Any CPU
		{584725A9-A61C-4D4E-AE92-3AE307567355}.Release|Any CPU.Build.0 = Release|Any CPU
		{27122739-4AAC-4DFE-AD82-09FB106E3154}.Debug|Any CPU.ActiveCfg = Debug|Any CPU
		{27122739-4AAC-4DFE-AD82-09FB106E3154}.Debug|Any CPU.Build.0 = Debug|Any CPU
		{27122739-4AAC-4DFE-AD82-09FB106E3154}.Release|Any CPU.ActiveCfg = Release|Any CPU
		{27122739-4AAC-4DFE-AD82-09FB106E3154}.Release|Any CPU.Build.0 = Release|Any CPU
	EndGlobalSection
	GlobalSection(SolutionProperties) = preSolution
		HideSolutionNode = FALSE
	EndGlobalSection
EndGlobal
