
Microsoft Visual Studio Solution File, Format Version 12.00
# Visual Studio 14
VisualStudioVersion = 14.0.25123.0
MinimumVisualStudioVersion = 10.0.40219.1
Project("{FAE04EC0-301F-11D3-BF4B-00C04F79EFBC}") = "01.SayHello", "SayHello\01.SayHello.csproj", "{C3894CFF-5284-4616-BBD7-0C921921511E}"
EndProject
Project("{FAE04EC0-301F-11D3-BF4B-00C04F79EFBC}") = "02.GetLargestNumber", "GetLargestNumber\02.GetLargestNumber.csproj", "{93D14D51-5F98-45E3-8411-46C7EAA4B586}"
EndProject
Project("{FAE04EC0-301F-11D3-BF4B-00C04F79EFBC}") = "03.EnglishDigit", "EnglishDigit\03.EnglishDigit.csproj", "{200D222E-2CB6-405B-8E29-F7D815CD455E}"
EndProject
Project("{FAE04EC0-301F-11D3-BF4B-00C04F79EFBC}") = "04.AppearanceCount", "AppearanceCount\04.AppearanceCount.csproj", "{DBFC1E92-E713-481A-8AF3-D99AB30176BC}"
EndProject
Project("{FAE04EC0-301F-11D3-BF4B-00C04F79EFBC}") = "05.LargerThanNeighbours", "LargerThanNeighbours\05.LargerThanNeighbours.csproj", "{2B8DDB49-A234-45AA-9EC5-E82AA7921989}"
EndProject
Project("{FAE04EC0-301F-11D3-BF4B-00C04F79EFBC}") = "06.FirstLargerThanNeighbour", "FirstLargerThanNeighbour\06.FirstLargerThanNeighbour.csproj", "{B3C75DA4-10E0-4ABA-9926-E70CA1F6F0C2}"
EndProject
Project("{FAE04EC0-301F-11D3-BF4B-00C04F79EFBC}") = "07.ReverseNumber", "ReverseNumber\07.ReverseNumber.csproj", "{89B55940-7A0A-4465-9BAB-AFC889B1C8A1}"
EndProject
Project("{FAE04EC0-301F-11D3-BF4B-00C04F79EFBC}") = "08.NumberAsArray", "NumberAsArray\08.NumberAsArray.csproj", "{A9B2FCB8-B236-4B1B-B58E-D0980BB75F85}"
EndProject
Project("{FAE04EC0-301F-11D3-BF4B-00C04F79EFBC}") = "09.SortingArray", "SortingArray\09.SortingArray.csproj", "{2539E947-3D62-435B-9AC1-BB8D432CDE32}"
EndProject
Project("{FAE04EC0-301F-11D3-BF4B-00C04F79EFBC}") = "10.NFactorial", "NFactorial\10.NFactorial.csproj", "{B916860B-EA89-4816-AB7D-3C10959DD0FA}"
EndProject
Project("{FAE04EC0-301F-11D3-BF4B-00C04F79EFBC}") = "11.AddingPolynomials", "AddingPolynomials\11.AddingPolynomials.csproj", "{8BAE021B-A171-4491-BB65-2E49396F9003}"
EndProject
Project("{FAE04EC0-301F-11D3-BF4B-00C04F79EFBC}") = "12.SubstractingPolinomials", "SubstractingPolinomials\12.SubstractingPolinomials.csproj", "{77CD7FDD-CF37-4B6F-A9A7-7329E136BF69}"
EndProject
Project("{FAE04EC0-301F-11D3-BF4B-00C04F79EFBC}") = "14.Calculations", "Calculations\14.Calculations.csproj", "{D1E0671A-B858-4DFC-8170-FEDD5E08D4DE}"
EndProject
Project("{FAE04EC0-301F-11D3-BF4B-00C04F79EFBC}") = "SolveTasks", "SolveTasks\SolveTasks.csproj", "{9999DC44-BADF-473E-86BA-5FC0F8BA7BFE}"
EndProject
Global
	GlobalSection(SolutionConfigurationPlatforms) = preSolution
		Debug|Any CPU = Debug|Any CPU
		Release|Any CPU = Release|Any CPU
	EndGlobalSection
	GlobalSection(ProjectConfigurationPlatforms) = postSolution
		{C3894CFF-5284-4616-BBD7-0C921921511E}.Debug|Any CPU.ActiveCfg = Debug|Any CPU
		{C3894CFF-5284-4616-BBD7-0C921921511E}.Debug|Any CPU.Build.0 = Debug|Any CPU
		{C3894CFF-5284-4616-BBD7-0C921921511E}.Release|Any CPU.ActiveCfg = Release|Any CPU
		{C3894CFF-5284-4616-BBD7-0C921921511E}.Release|Any CPU.Build.0 = Release|Any CPU
		{93D14D51-5F98-45E3-8411-46C7EAA4B586}.Debug|Any CPU.ActiveCfg = Debug|Any CPU
		{93D14D51-5F98-45E3-8411-46C7EAA4B586}.Debug|Any CPU.Build.0 = Debug|Any CPU
		{93D14D51-5F98-45E3-8411-46C7EAA4B586}.Release|Any CPU.ActiveCfg = Release|Any CPU
		{93D14D51-5F98-45E3-8411-46C7EAA4B586}.Release|Any CPU.Build.0 = Release|Any CPU
		{200D222E-2CB6-405B-8E29-F7D815CD455E}.Debug|Any CPU.ActiveCfg = Debug|Any CPU
		{200D222E-2CB6-405B-8E29-F7D815CD455E}.Debug|Any CPU.Build.0 = Debug|Any CPU
		{200D222E-2CB6-405B-8E29-F7D815CD455E}.Release|Any CPU.ActiveCfg = Release|Any CPU
		{200D222E-2CB6-405B-8E29-F7D815CD455E}.Release|Any CPU.Build.0 = Release|Any CPU
		{DBFC1E92-E713-481A-8AF3-D99AB30176BC}.Debug|Any CPU.ActiveCfg = Debug|Any CPU
		{DBFC1E92-E713-481A-8AF3-D99AB30176BC}.Debug|Any CPU.Build.0 = Debug|Any CPU
		{DBFC1E92-E713-481A-8AF3-D99AB30176BC}.Release|Any CPU.ActiveCfg = Release|Any CPU
		{DBFC1E92-E713-481A-8AF3-D99AB30176BC}.Release|Any CPU.Build.0 = Release|Any CPU
		{2B8DDB49-A234-45AA-9EC5-E82AA7921989}.Debug|Any CPU.ActiveCfg = Debug|Any CPU
		{2B8DDB49-A234-45AA-9EC5-E82AA7921989}.Debug|Any CPU.Build.0 = Debug|Any CPU
		{2B8DDB49-A234-45AA-9EC5-E82AA7921989}.Release|Any CPU.ActiveCfg = Release|Any CPU
		{2B8DDB49-A234-45AA-9EC5-E82AA7921989}.Release|Any CPU.Build.0 = Release|Any CPU
		{B3C75DA4-10E0-4ABA-9926-E70CA1F6F0C2}.Debug|Any CPU.ActiveCfg = Debug|Any CPU
		{B3C75DA4-10E0-4ABA-9926-E70CA1F6F0C2}.Debug|Any CPU.Build.0 = Debug|Any CPU
		{B3C75DA4-10E0-4ABA-9926-E70CA1F6F0C2}.Release|Any CPU.ActiveCfg = Release|Any CPU
		{B3C75DA4-10E0-4ABA-9926-E70CA1F6F0C2}.Release|Any CPU.Build.0 = Release|Any CPU
		{89B55940-7A0A-4465-9BAB-AFC889B1C8A1}.Debug|Any CPU.ActiveCfg = Debug|Any CPU
		{89B55940-7A0A-4465-9BAB-AFC889B1C8A1}.Debug|Any CPU.Build.0 = Debug|Any CPU
		{89B55940-7A0A-4465-9BAB-AFC889B1C8A1}.Release|Any CPU.ActiveCfg = Release|Any CPU
		{89B55940-7A0A-4465-9BAB-AFC889B1C8A1}.Release|Any CPU.Build.0 = Release|Any CPU
		{A9B2FCB8-B236-4B1B-B58E-D0980BB75F85}.Debug|Any CPU.ActiveCfg = Debug|Any CPU
		{A9B2FCB8-B236-4B1B-B58E-D0980BB75F85}.Debug|Any CPU.Build.0 = Debug|Any CPU
		{A9B2FCB8-B236-4B1B-B58E-D0980BB75F85}.Release|Any CPU.ActiveCfg = Release|Any CPU
		{A9B2FCB8-B236-4B1B-B58E-D0980BB75F85}.Release|Any CPU.Build.0 = Release|Any CPU
		{2539E947-3D62-435B-9AC1-BB8D432CDE32}.Debug|Any CPU.ActiveCfg = Debug|Any CPU
		{2539E947-3D62-435B-9AC1-BB8D432CDE32}.Debug|Any CPU.Build.0 = Debug|Any CPU
		{2539E947-3D62-435B-9AC1-BB8D432CDE32}.Release|Any CPU.ActiveCfg = Release|Any CPU
		{2539E947-3D62-435B-9AC1-BB8D432CDE32}.Release|Any CPU.Build.0 = Release|Any CPU
		{B916860B-EA89-4816-AB7D-3C10959DD0FA}.Debug|Any CPU.ActiveCfg = Debug|Any CPU
		{B916860B-EA89-4816-AB7D-3C10959DD0FA}.Debug|Any CPU.Build.0 = Debug|Any CPU
		{B916860B-EA89-4816-AB7D-3C10959DD0FA}.Release|Any CPU.ActiveCfg = Release|Any CPU
		{B916860B-EA89-4816-AB7D-3C10959DD0FA}.Release|Any CPU.Build.0 = Release|Any CPU
		{8BAE021B-A171-4491-BB65-2E49396F9003}.Debug|Any CPU.ActiveCfg = Debug|Any CPU
		{8BAE021B-A171-4491-BB65-2E49396F9003}.Debug|Any CPU.Build.0 = Debug|Any CPU
		{8BAE021B-A171-4491-BB65-2E49396F9003}.Release|Any CPU.ActiveCfg = Release|Any CPU
		{8BAE021B-A171-4491-BB65-2E49396F9003}.Release|Any CPU.Build.0 = Release|Any CPU
		{77CD7FDD-CF37-4B6F-A9A7-7329E136BF69}.Debug|Any CPU.ActiveCfg = Debug|Any CPU
		{77CD7FDD-CF37-4B6F-A9A7-7329E136BF69}.Debug|Any CPU.Build.0 = Debug|Any CPU
		{77CD7FDD-CF37-4B6F-A9A7-7329E136BF69}.Release|Any CPU.ActiveCfg = Release|Any CPU
		{77CD7FDD-CF37-4B6F-A9A7-7329E136BF69}.Release|Any CPU.Build.0 = Release|Any CPU
		{D1E0671A-B858-4DFC-8170-FEDD5E08D4DE}.Debug|Any CPU.ActiveCfg = Debug|Any CPU
		{D1E0671A-B858-4DFC-8170-FEDD5E08D4DE}.Debug|Any CPU.Build.0 = Debug|Any CPU
		{D1E0671A-B858-4DFC-8170-FEDD5E08D4DE}.Release|Any CPU.ActiveCfg = Release|Any CPU
		{D1E0671A-B858-4DFC-8170-FEDD5E08D4DE}.Release|Any CPU.Build.0 = Release|Any CPU
		{9999DC44-BADF-473E-86BA-5FC0F8BA7BFE}.Debug|Any CPU.ActiveCfg = Debug|Any CPU
		{9999DC44-BADF-473E-86BA-5FC0F8BA7BFE}.Debug|Any CPU.Build.0 = Debug|Any CPU
		{9999DC44-BADF-473E-86BA-5FC0F8BA7BFE}.Release|Any CPU.ActiveCfg = Release|Any CPU
		{9999DC44-BADF-473E-86BA-5FC0F8BA7BFE}.Release|Any CPU.Build.0 = Release|Any CPU
	EndGlobalSection
	GlobalSection(SolutionProperties) = preSolution
		HideSolutionNode = FALSE
	EndGlobalSection
EndGlobal
