
Microsoft Visual Studio Solution File, Format Version 12.00
# Visual Studio 14
VisualStudioVersion = 14.0.25420.1
MinimumVisualStudioVersion = 10.0.40219.1
Project("{FAE04EC0-301F-11D3-BF4B-00C04F79EFBC}") = "StudentSystem.Models", "StudentSystem.Models\StudentSystem.Models.csproj", "{96BFCCE9-5DBD-4325-92D6-74440C81DD31}"
EndProject
Project("{FAE04EC0-301F-11D3-BF4B-00C04F79EFBC}") = "StudentSystem.Data", "StudentSystem.Data\StudentSystem.Data.csproj", "{E4F8E380-275D-45D0-8D6A-3EF1607FC379}"
EndProject
Project("{FAE04EC0-301F-11D3-BF4B-00C04F79EFBC}") = "StudentSystem.ConsoleClient", "StudentSystem.ConsoleClient\StudentSystem.ConsoleClient.csproj", "{96CCF748-A4A0-4080-9B68-7AB93B1D68E1}"
EndProject
Global
	GlobalSection(SolutionConfigurationPlatforms) = preSolution
		Debug|Any CPU = Debug|Any CPU
		Release|Any CPU = Release|Any CPU
	EndGlobalSection
	GlobalSection(ProjectConfigurationPlatforms) = postSolution
		{96BFCCE9-5DBD-4325-92D6-74440C81DD31}.Debug|Any CPU.ActiveCfg = Debug|Any CPU
		{96BFCCE9-5DBD-4325-92D6-74440C81DD31}.Debug|Any CPU.Build.0 = Debug|Any CPU
		{96BFCCE9-5DBD-4325-92D6-74440C81DD31}.Release|Any CPU.ActiveCfg = Release|Any CPU
		{96BFCCE9-5DBD-4325-92D6-74440C81DD31}.Release|Any CPU.Build.0 = Release|Any CPU
		{E4F8E380-275D-45D0-8D6A-3EF1607FC379}.Debug|Any CPU.ActiveCfg = Debug|Any CPU
		{E4F8E380-275D-45D0-8D6A-3EF1607FC379}.Debug|Any CPU.Build.0 = Debug|Any CPU
		{E4F8E380-275D-45D0-8D6A-3EF1607FC379}.Release|Any CPU.ActiveCfg = Release|Any CPU
		{E4F8E380-275D-45D0-8D6A-3EF1607FC379}.Release|Any CPU.Build.0 = Release|Any CPU
		{96CCF748-A4A0-4080-9B68-7AB93B1D68E1}.Debug|Any CPU.ActiveCfg = Debug|Any CPU
		{96CCF748-A4A0-4080-9B68-7AB93B1D68E1}.Debug|Any CPU.Build.0 = Debug|Any CPU
		{96CCF748-A4A0-4080-9B68-7AB93B1D68E1}.Release|Any CPU.ActiveCfg = Release|Any CPU
		{96CCF748-A4A0-4080-9B68-7AB93B1D68E1}.Release|Any CPU.Build.0 = Release|Any CPU
	EndGlobalSection
	GlobalSection(SolutionProperties) = preSolution
		HideSolutionNode = FALSE
	EndGlobalSection
EndGlobal
