
Microsoft Visual Studio Solution File, Format Version 12.00
# Visual Studio 14
VisualStudioVersion = 14.0.25123.0
MinimumVisualStudioVersion = 10.0.40219.1
Project("{FAE04EC0-301F-11D3-BF4B-00C04F79EFBC}") = "02.ReverseString", "ReverseString\02.ReverseString.csproj", "{632D5A2D-D239-4E95-B54D-67578EDCF959}"
EndProject
Project("{FAE04EC0-301F-11D3-BF4B-00C04F79EFBC}") = "03.CorrectBrackets", "CorrectBrackets\03.CorrectBrackets.csproj", "{A68F7D75-8E18-463A-9EBC-6EA815E47F1C}"
EndProject
Project("{FAE04EC0-301F-11D3-BF4B-00C04F79EFBC}") = "04.SubstringInText", "SubstringInText\04.SubstringInText.csproj", "{2F4B7ACE-6684-4950-A88B-658CB351BF34}"
EndProject
Project("{FAE04EC0-301F-11D3-BF4B-00C04F79EFBC}") = "05.ParseTags", "ParseTags\05.ParseTags.csproj", "{B9703B96-891A-4352-A561-E7373680B519}"
EndProject
Project("{FAE04EC0-301F-11D3-BF4B-00C04F79EFBC}") = "06.StringLength", "StringLength\06.StringLength.csproj", "{C82FDB9A-7F5C-40E0-8E6C-0C3CDD0DEE78}"
EndProject
Project("{FAE04EC0-301F-11D3-BF4B-00C04F79EFBC}") = "08.ExtractSentences", "ExtractSentences\08.ExtractSentences.csproj", "{5A7D868D-780D-4762-A09D-D7FC563336D9}"
EndProject
Project("{FAE04EC0-301F-11D3-BF4B-00C04F79EFBC}") = "10.UnicodeCharacters", "UnicodeCharacters\10.UnicodeCharacters.csproj", "{8FEFD5D7-4456-4FCF-A130-DA10D3783B92}"
EndProject
Project("{FAE04EC0-301F-11D3-BF4B-00C04F79EFBC}") = "12.ParseURL", "ParseURL\12.ParseURL.csproj", "{7C5A666F-C7E1-4DC0-8C88-41AFA17E7E08}"
EndProject
Project("{FAE04EC0-301F-11D3-BF4B-00C04F79EFBC}") = "23.SeriesOfLetters", "SeriesOfLetters\23.SeriesOfLetters.csproj", "{A7CC2E5C-E8E4-4859-AAD4-446A96958749}"
EndProject
Project("{FAE04EC0-301F-11D3-BF4B-00C04F79EFBC}") = "01.StringsInCSharp", "StringsInCSharp\01.StringsInCSharp.csproj", "{92DEA686-B60E-4708-9860-59BDD2157E74}"
EndProject
Project("{FAE04EC0-301F-11D3-BF4B-00C04F79EFBC}") = "07.EncodeDecode", "EncodeDecode\07.EncodeDecode.csproj", "{A540C294-596B-4665-86C3-4319041F1BAB}"
EndProject
Project("{FAE04EC0-301F-11D3-BF4B-00C04F79EFBC}") = "09.ForbiddenWords", "ForbiddenWords\09.ForbiddenWords.csproj", "{4DFE4605-2424-45C2-A10D-54133A11C56F}"
EndProject
Project("{FAE04EC0-301F-11D3-BF4B-00C04F79EFBC}") = "11.FormatNumber", "FormatNumber\11.FormatNumber.csproj", "{69835CD1-2B45-46A0-913D-4DA14A2301FA}"
EndProject
Project("{FAE04EC0-301F-11D3-BF4B-00C04F79EFBC}") = "ReverseSentence", "ReverseSentence\ReverseSentence.csproj", "{F7E03376-8975-43A0-82B8-D439161E73DD}"
EndProject
Global
	GlobalSection(SolutionConfigurationPlatforms) = preSolution
		Debug|Any CPU = Debug|Any CPU
		Release|Any CPU = Release|Any CPU
	EndGlobalSection
	GlobalSection(ProjectConfigurationPlatforms) = postSolution
		{632D5A2D-D239-4E95-B54D-67578EDCF959}.Debug|Any CPU.ActiveCfg = Debug|Any CPU
		{632D5A2D-D239-4E95-B54D-67578EDCF959}.Debug|Any CPU.Build.0 = Debug|Any CPU
		{632D5A2D-D239-4E95-B54D-67578EDCF959}.Release|Any CPU.ActiveCfg = Release|Any CPU
		{632D5A2D-D239-4E95-B54D-67578EDCF959}.Release|Any CPU.Build.0 = Release|Any CPU
		{A68F7D75-8E18-463A-9EBC-6EA815E47F1C}.Debug|Any CPU.ActiveCfg = Debug|Any CPU
		{A68F7D75-8E18-463A-9EBC-6EA815E47F1C}.Debug|Any CPU.Build.0 = Debug|Any CPU
		{A68F7D75-8E18-463A-9EBC-6EA815E47F1C}.Release|Any CPU.ActiveCfg = Release|Any CPU
		{A68F7D75-8E18-463A-9EBC-6EA815E47F1C}.Release|Any CPU.Build.0 = Release|Any CPU
		{2F4B7ACE-6684-4950-A88B-658CB351BF34}.Debug|Any CPU.ActiveCfg = Debug|Any CPU
		{2F4B7ACE-6684-4950-A88B-658CB351BF34}.Debug|Any CPU.Build.0 = Debug|Any CPU
		{2F4B7ACE-6684-4950-A88B-658CB351BF34}.Release|Any CPU.ActiveCfg = Release|Any CPU
		{2F4B7ACE-6684-4950-A88B-658CB351BF34}.Release|Any CPU.Build.0 = Release|Any CPU
		{B9703B96-891A-4352-A561-E7373680B519}.Debug|Any CPU.ActiveCfg = Debug|Any CPU
		{B9703B96-891A-4352-A561-E7373680B519}.Debug|Any CPU.Build.0 = Debug|Any CPU
		{B9703B96-891A-4352-A561-E7373680B519}.Release|Any CPU.ActiveCfg = Release|Any CPU
		{B9703B96-891A-4352-A561-E7373680B519}.Release|Any CPU.Build.0 = Release|Any CPU
		{C82FDB9A-7F5C-40E0-8E6C-0C3CDD0DEE78}.Debug|Any CPU.ActiveCfg = Debug|Any CPU
		{C82FDB9A-7F5C-40E0-8E6C-0C3CDD0DEE78}.Debug|Any CPU.Build.0 = Debug|Any CPU
		{C82FDB9A-7F5C-40E0-8E6C-0C3CDD0DEE78}.Release|Any CPU.ActiveCfg = Release|Any CPU
		{C82FDB9A-7F5C-40E0-8E6C-0C3CDD0DEE78}.Release|Any CPU.Build.0 = Release|Any CPU
		{5A7D868D-780D-4762-A09D-D7FC563336D9}.Debug|Any CPU.ActiveCfg = Debug|Any CPU
		{5A7D868D-780D-4762-A09D-D7FC563336D9}.Debug|Any CPU.Build.0 = Debug|Any CPU
		{5A7D868D-780D-4762-A09D-D7FC563336D9}.Release|Any CPU.ActiveCfg = Release|Any CPU
		{5A7D868D-780D-4762-A09D-D7FC563336D9}.Release|Any CPU.Build.0 = Release|Any CPU
		{8FEFD5D7-4456-4FCF-A130-DA10D3783B92}.Debug|Any CPU.ActiveCfg = Debug|Any CPU
		{8FEFD5D7-4456-4FCF-A130-DA10D3783B92}.Debug|Any CPU.Build.0 = Debug|Any CPU
		{8FEFD5D7-4456-4FCF-A130-DA10D3783B92}.Release|Any CPU.ActiveCfg = Release|Any CPU
		{8FEFD5D7-4456-4FCF-A130-DA10D3783B92}.Release|Any CPU.Build.0 = Release|Any CPU
		{7C5A666F-C7E1-4DC0-8C88-41AFA17E7E08}.Debug|Any CPU.ActiveCfg = Debug|Any CPU
		{7C5A666F-C7E1-4DC0-8C88-41AFA17E7E08}.Debug|Any CPU.Build.0 = Debug|Any CPU
		{7C5A666F-C7E1-4DC0-8C88-41AFA17E7E08}.Release|Any CPU.ActiveCfg = Release|Any CPU
		{7C5A666F-C7E1-4DC0-8C88-41AFA17E7E08}.Release|Any CPU.Build.0 = Release|Any CPU
		{A7CC2E5C-E8E4-4859-AAD4-446A96958749}.Debug|Any CPU.ActiveCfg = Debug|Any CPU
		{A7CC2E5C-E8E4-4859-AAD4-446A96958749}.Debug|Any CPU.Build.0 = Debug|Any CPU
		{A7CC2E5C-E8E4-4859-AAD4-446A96958749}.Release|Any CPU.ActiveCfg = Release|Any CPU
		{A7CC2E5C-E8E4-4859-AAD4-446A96958749}.Release|Any CPU.Build.0 = Release|Any CPU
		{92DEA686-B60E-4708-9860-59BDD2157E74}.Debug|Any CPU.ActiveCfg = Debug|Any CPU
		{92DEA686-B60E-4708-9860-59BDD2157E74}.Debug|Any CPU.Build.0 = Debug|Any CPU
		{92DEA686-B60E-4708-9860-59BDD2157E74}.Release|Any CPU.ActiveCfg = Release|Any CPU
		{92DEA686-B60E-4708-9860-59BDD2157E74}.Release|Any CPU.Build.0 = Release|Any CPU
		{A540C294-596B-4665-86C3-4319041F1BAB}.Debug|Any CPU.ActiveCfg = Debug|Any CPU
		{A540C294-596B-4665-86C3-4319041F1BAB}.Debug|Any CPU.Build.0 = Debug|Any CPU
		{A540C294-596B-4665-86C3-4319041F1BAB}.Release|Any CPU.ActiveCfg = Release|Any CPU
		{A540C294-596B-4665-86C3-4319041F1BAB}.Release|Any CPU.Build.0 = Release|Any CPU
		{4DFE4605-2424-45C2-A10D-54133A11C56F}.Debug|Any CPU.ActiveCfg = Debug|Any CPU
		{4DFE4605-2424-45C2-A10D-54133A11C56F}.Debug|Any CPU.Build.0 = Debug|Any CPU
		{4DFE4605-2424-45C2-A10D-54133A11C56F}.Release|Any CPU.ActiveCfg = Release|Any CPU
		{4DFE4605-2424-45C2-A10D-54133A11C56F}.Release|Any CPU.Build.0 = Release|Any CPU
		{69835CD1-2B45-46A0-913D-4DA14A2301FA}.Debug|Any CPU.ActiveCfg = Debug|Any CPU
		{69835CD1-2B45-46A0-913D-4DA14A2301FA}.Debug|Any CPU.Build.0 = Debug|Any CPU
		{69835CD1-2B45-46A0-913D-4DA14A2301FA}.Release|Any CPU.ActiveCfg = Release|Any CPU
		{69835CD1-2B45-46A0-913D-4DA14A2301FA}.Release|Any CPU.Build.0 = Release|Any CPU
		{F7E03376-8975-43A0-82B8-D439161E73DD}.Debug|Any CPU.ActiveCfg = Debug|Any CPU
		{F7E03376-8975-43A0-82B8-D439161E73DD}.Debug|Any CPU.Build.0 = Debug|Any CPU
		{F7E03376-8975-43A0-82B8-D439161E73DD}.Release|Any CPU.ActiveCfg = Release|Any CPU
		{F7E03376-8975-43A0-82B8-D439161E73DD}.Release|Any CPU.Build.0 = Release|Any CPU
	EndGlobalSection
	GlobalSection(SolutionProperties) = preSolution
		HideSolutionNode = FALSE
	EndGlobalSection
EndGlobal
