
Microsoft Visual Studio Solution File, Format Version 12.00
# Visual Studio 14
VisualStudioVersion = 14.0.25123.0
MinimumVisualStudioVersion = 10.0.40219.1
Project("{FAE04EC0-301F-11D3-BF4B-00C04F79EFBC}") = "Exercises-1-4", "Exercises-1-4\Exercises-1-4.csproj", "{B578B9E9-2485-4F2A-8669-C6B31BE7A4BA}"
EndProject
Project("{FAE04EC0-301F-11D3-BF4B-00C04F79EFBC}") = "Exercises-5-7", "Exercises-5-7\Exercises-5-7.csproj", "{78BFA6C5-70C0-4B8B-9DAF-9DF70B1E3432}"
EndProject
Project("{FAE04EC0-301F-11D3-BF4B-00C04F79EFBC}") = "Exercise-8-10", "Exercise-8-10\Exercise-8-10.csproj", "{798D3D32-954C-4AF6-A0BA-E37CCD7D11FB}"
EndProject
Project("{FAE04EC0-301F-11D3-BF4B-00C04F79EFBC}") = "VersionAttribute", "VersionAttribute\VersionAttribute.csproj", "{431E583E-EB6E-4190-AF47-1DBDD32542D2}"
EndProject
Global
	GlobalSection(SolutionConfigurationPlatforms) = preSolution
		Debug|Any CPU = Debug|Any CPU
		Release|Any CPU = Release|Any CPU
	EndGlobalSection
	GlobalSection(ProjectConfigurationPlatforms) = postSolution
		{B578B9E9-2485-4F2A-8669-C6B31BE7A4BA}.Debug|Any CPU.ActiveCfg = Debug|Any CPU
		{B578B9E9-2485-4F2A-8669-C6B31BE7A4BA}.Debug|Any CPU.Build.0 = Debug|Any CPU
		{B578B9E9-2485-4F2A-8669-C6B31BE7A4BA}.Release|Any CPU.ActiveCfg = Release|Any CPU
		{B578B9E9-2485-4F2A-8669-C6B31BE7A4BA}.Release|Any CPU.Build.0 = Release|Any CPU
		{78BFA6C5-70C0-4B8B-9DAF-9DF70B1E3432}.Debug|Any CPU.ActiveCfg = Debug|Any CPU
		{78BFA6C5-70C0-4B8B-9DAF-9DF70B1E3432}.Debug|Any CPU.Build.0 = Debug|Any CPU
		{78BFA6C5-70C0-4B8B-9DAF-9DF70B1E3432}.Release|Any CPU.ActiveCfg = Release|Any CPU
		{78BFA6C5-70C0-4B8B-9DAF-9DF70B1E3432}.Release|Any CPU.Build.0 = Release|Any CPU
		{798D3D32-954C-4AF6-A0BA-E37CCD7D11FB}.Debug|Any CPU.ActiveCfg = Debug|Any CPU
		{798D3D32-954C-4AF6-A0BA-E37CCD7D11FB}.Debug|Any CPU.Build.0 = Debug|Any CPU
		{798D3D32-954C-4AF6-A0BA-E37CCD7D11FB}.Release|Any CPU.ActiveCfg = Release|Any CPU
		{798D3D32-954C-4AF6-A0BA-E37CCD7D11FB}.Release|Any CPU.Build.0 = Release|Any CPU
		{431E583E-EB6E-4190-AF47-1DBDD32542D2}.Debug|Any CPU.ActiveCfg = Debug|Any CPU
		{431E583E-EB6E-4190-AF47-1DBDD32542D2}.Debug|Any CPU.Build.0 = Debug|Any CPU
		{431E583E-EB6E-4190-AF47-1DBDD32542D2}.Release|Any CPU.ActiveCfg = Release|Any CPU
		{431E583E-EB6E-4190-AF47-1DBDD32542D2}.Release|Any CPU.Build.0 = Release|Any CPU
	EndGlobalSection
	GlobalSection(SolutionProperties) = preSolution
		HideSolutionNode = FALSE
	EndGlobalSection
EndGlobal
