
Microsoft Visual Studio Solution File, Format Version 12.00
# Visual Studio 14
VisualStudioVersion = 14.0.25123.0
MinimumVisualStudioVersion = 10.0.40219.1
Project("{FAE04EC0-301F-11D3-BF4B-00C04F79EFBC}") = "Shapes", "Shapes\Shapes.csproj", "{0BC44DDE-C216-4260-91DE-4F4933E70A21}"
EndProject
Project("{FAE04EC0-301F-11D3-BF4B-00C04F79EFBC}") = "BankAccount", "BankAccount\BankAccount.csproj", "{35348CF6-D072-4936-AB40-E4CEF98C57EB}"
EndProject
Project("{FAE04EC0-301F-11D3-BF4B-00C04F79EFBC}") = "Range Exceptions", "Range Exceptions\Range Exceptions.csproj", "{0DEAC4FA-1437-4674-ABF8-A03859573D56}"
EndProject
Global
	GlobalSection(SolutionConfigurationPlatforms) = preSolution
		Debug|Any CPU = Debug|Any CPU
		Release|Any CPU = Release|Any CPU
	EndGlobalSection
	GlobalSection(ProjectConfigurationPlatforms) = postSolution
		{0BC44DDE-C216-4260-91DE-4F4933E70A21}.Debug|Any CPU.ActiveCfg = Debug|Any CPU
		{0BC44DDE-C216-4260-91DE-4F4933E70A21}.Debug|Any CPU.Build.0 = Debug|Any CPU
		{0BC44DDE-C216-4260-91DE-4F4933E70A21}.Release|Any CPU.ActiveCfg = Release|Any CPU
		{0BC44DDE-C216-4260-91DE-4F4933E70A21}.Release|Any CPU.Build.0 = Release|Any CPU
		{35348CF6-D072-4936-AB40-E4CEF98C57EB}.Debug|Any CPU.ActiveCfg = Debug|Any CPU
		{35348CF6-D072-4936-AB40-E4CEF98C57EB}.Debug|Any CPU.Build.0 = Debug|Any CPU
		{35348CF6-D072-4936-AB40-E4CEF98C57EB}.Release|Any CPU.ActiveCfg = Release|Any CPU
		{35348CF6-D072-4936-AB40-E4CEF98C57EB}.Release|Any CPU.Build.0 = Release|Any CPU
		{0DEAC4FA-1437-4674-ABF8-A03859573D56}.Debug|Any CPU.ActiveCfg = Debug|Any CPU
		{0DEAC4FA-1437-4674-ABF8-A03859573D56}.Debug|Any CPU.Build.0 = Debug|Any CPU
		{0DEAC4FA-1437-4674-ABF8-A03859573D56}.Release|Any CPU.ActiveCfg = Release|Any CPU
		{0DEAC4FA-1437-4674-ABF8-A03859573D56}.Release|Any CPU.Build.0 = Release|Any CPU
	EndGlobalSection
	GlobalSection(SolutionProperties) = preSolution
		HideSolutionNode = FALSE
	EndGlobalSection
EndGlobal
