
Microsoft Visual Studio Solution File, Format Version 12.00
# Visual Studio 14
VisualStudioVersion = 14.0.24720.0
MinimumVisualStudioVersion = 10.0.40219.1
Project("{FAE04EC0-301F-11D3-BF4B-00C04F79EFBC}") = "QuotesInStrings", "QuotesInStrings\QuotesInStrings.csproj", "{F2F3C80F-EC00-4F91-86DB-97CB3B432D53}"
EndProject
Project("{FAE04EC0-301F-11D3-BF4B-00C04F79EFBC}") = "ComparingFloats", "ComparingFloats\ComparingFloats.csproj", "{AA7BE3DC-AC7F-4159-9897-4402FE18C81E}"
EndProject
Project("{FAE04EC0-301F-11D3-BF4B-00C04F79EFBC}") = "PrintASCIITable", "PrintASCIITable\PrintASCIITable.csproj", "{8A9195C5-B1E2-423B-8874-AFDDB4C1DE9F}"
EndProject
Global
	GlobalSection(SolutionConfigurationPlatforms) = preSolution
		Debug|Any CPU = Debug|Any CPU
		Release|Any CPU = Release|Any CPU
	EndGlobalSection
	GlobalSection(ProjectConfigurationPlatforms) = postSolution
		{F2F3C80F-EC00-4F91-86DB-97CB3B432D53}.Debug|Any CPU.ActiveCfg = Debug|Any CPU
		{F2F3C80F-EC00-4F91-86DB-97CB3B432D53}.Debug|Any CPU.Build.0 = Debug|Any CPU
		{F2F3C80F-EC00-4F91-86DB-97CB3B432D53}.Release|Any CPU.ActiveCfg = Release|Any CPU
		{F2F3C80F-EC00-4F91-86DB-97CB3B432D53}.Release|Any CPU.Build.0 = Release|Any CPU
		{AA7BE3DC-AC7F-4159-9897-4402FE18C81E}.Debug|Any CPU.ActiveCfg = Debug|Any CPU
		{AA7BE3DC-AC7F-4159-9897-4402FE18C81E}.Debug|Any CPU.Build.0 = Debug|Any CPU
		{AA7BE3DC-AC7F-4159-9897-4402FE18C81E}.Release|Any CPU.ActiveCfg = Release|Any CPU
		{AA7BE3DC-AC7F-4159-9897-4402FE18C81E}.Release|Any CPU.Build.0 = Release|Any CPU
		{8A9195C5-B1E2-423B-8874-AFDDB4C1DE9F}.Debug|Any CPU.ActiveCfg = Debug|Any CPU
		{8A9195C5-B1E2-423B-8874-AFDDB4C1DE9F}.Debug|Any CPU.Build.0 = Debug|Any CPU
		{8A9195C5-B1E2-423B-8874-AFDDB4C1DE9F}.Release|Any CPU.ActiveCfg = Release|Any CPU
		{8A9195C5-B1E2-423B-8874-AFDDB4C1DE9F}.Release|Any CPU.Build.0 = Release|Any CPU
	EndGlobalSection
	GlobalSection(SolutionProperties) = preSolution
		HideSolutionNode = FALSE
	EndGlobalSection
EndGlobal
