
Microsoft Visual Studio Solution File, Format Version 12.00
# Visual Studio 14
VisualStudioVersion = 14.0.25420.1
MinimumVisualStudioVersion = 10.0.40219.1
Project("{FAE04EC0-301F-11D3-BF4B-00C04F79EFBC}") = "ReversePolish", "ReversePolish\ReversePolish.csproj", "{34BA1C9F-4D11-463D-B937-FEFB48C56F01}"
EndProject
Project("{FAE04EC0-301F-11D3-BF4B-00C04F79EFBC}") = "Passwords", "Passwords\Passwords.csproj", "{C2984114-92D3-4D43-8C8E-B3DE9C363661}"
EndProject
Global
	GlobalSection(SolutionConfigurationPlatforms) = preSolution
		Debug|Any CPU = Debug|Any CPU
		Release|Any CPU = Release|Any CPU
	EndGlobalSection
	GlobalSection(ProjectConfigurationPlatforms) = postSolution
		{34BA1C9F-4D11-463D-B937-FEFB48C56F01}.Debug|Any CPU.ActiveCfg = Debug|Any CPU
		{34BA1C9F-4D11-463D-B937-FEFB48C56F01}.Debug|Any CPU.Build.0 = Debug|Any CPU
		{34BA1C9F-4D11-463D-B937-FEFB48C56F01}.Release|Any CPU.ActiveCfg = Release|Any CPU
		{34BA1C9F-4D11-463D-B937-FEFB48C56F01}.Release|Any CPU.Build.0 = Release|Any CPU
		{C2984114-92D3-4D43-8C8E-B3DE9C363661}.Debug|Any CPU.ActiveCfg = Debug|Any CPU
		{C2984114-92D3-4D43-8C8E-B3DE9C363661}.Debug|Any CPU.Build.0 = Debug|Any CPU
		{C2984114-92D3-4D43-8C8E-B3DE9C363661}.Release|Any CPU.ActiveCfg = Release|Any CPU
		{C2984114-92D3-4D43-8C8E-B3DE9C363661}.Release|Any CPU.Build.0 = Release|Any CPU
	EndGlobalSection
	GlobalSection(SolutionProperties) = preSolution
		HideSolutionNode = FALSE
	EndGlobalSection
EndGlobal
