
Microsoft Visual Studio Solution File, Format Version 12.00
# Visual Studio 14
VisualStudioVersion = 14.0.25123.0
MinimumVisualStudioVersion = 10.0.40219.1
Project("{FAE04EC0-301F-11D3-BF4B-00C04F79EFBC}") = "SaddyCopper", "SaddyCopper\SaddyCopper.csproj", "{B7C5ED53-B688-4809-8D65-BF09317465AB}"
EndProject
Project("{FAE04EC0-301F-11D3-BF4B-00C04F79EFBC}") = "Butterfly", "Butterfly\Butterfly.csproj", "{0914F3A9-4932-49AE-BD2D-E8215F399138}"
EndProject
Project("{FAE04EC0-301F-11D3-BF4B-00C04F79EFBC}") = "Fort", "Fort\Fort.csproj", "{B98F8EBE-2130-4DF7-A03E-39048FC1C20C}"
EndProject
Project("{FAE04EC0-301F-11D3-BF4B-00C04F79EFBC}") = "AngryFemaleGps", "AngryFemaleGps\AngryFemaleGps.csproj", "{C79E2A99-5E10-4FA2-8A53-22F53CE74416}"
EndProject
Project("{FAE04EC0-301F-11D3-BF4B-00C04F79EFBC}") = "EggCelent", "EggCelent\EggCelent.csproj", "{50F88F4F-9B88-41A6-83B2-72DAC782828F}"
EndProject
Project("{FAE04EC0-301F-11D3-BF4B-00C04F79EFBC}") = "OnesAndZeroes", "OnesAndZeroes\OnesAndZeroes.csproj", "{50310933-E0F8-46DD-A5AB-6069870B6F63}"
EndProject
Project("{FAE04EC0-301F-11D3-BF4B-00C04F79EFBC}") = "FallenInLove", "FallenInLove\FallenInLove.csproj", "{9D417E0F-D59F-4E95-B770-6C6D94AD928A}"
EndProject
Project("{FAE04EC0-301F-11D3-BF4B-00C04F79EFBC}") = "Cube", "ConsoleApplication1\Cube.csproj", "{D284E154-82A5-445A-AE05-1B6B7C681827}"
EndProject
Project("{FAE04EC0-301F-11D3-BF4B-00C04F79EFBC}") = "PersianRugs", "PersianRugs\PersianRugs.csproj", "{E982FD69-8499-4D54-BF76-111E7B298B7D}"
EndProject
Project("{FAE04EC0-301F-11D3-BF4B-00C04F79EFBC}") = "ThreeNumbers", "ThreeNumbers\ThreeNumbers.csproj", "{6FC170D0-CC8A-4FB0-ABA5-24141253E02B}"
EndProject
Project("{FAE04EC0-301F-11D3-BF4B-00C04F79EFBC}") = "MagicWords", "MagicWords\MagicWords.csproj", "{EEE6D6D2-23DC-4A49-B238-E99EBD002838}"
EndProject
Project("{FAE04EC0-301F-11D3-BF4B-00C04F79EFBC}") = "MultiverseCommunication", "MultiverseCommunication\MultiverseCommunication.csproj", "{EF332BA7-6FB7-4A95-8CCB-6782B922B255}"
EndProject
Project("{FAE04EC0-301F-11D3-BF4B-00C04F79EFBC}") = "StripedTowel", "StripedTowel\StripedTowel.csproj", "{55DED346-1DB5-45C4-983B-1078608F13F5}"
EndProject
Project("{FAE04EC0-301F-11D3-BF4B-00C04F79EFBC}") = "GameOfPage", "GameOfPage\GameOfPage.csproj", "{AA18836B-1EBB-400E-BA9D-AA3DACD2DDE1}"
EndProject
Project("{FAE04EC0-301F-11D3-BF4B-00C04F79EFBC}") = "BitShiftMatrix", "BitShiftMatrix\BitShiftMatrix.csproj", "{4967D545-A85C-4A01-B6C6-8361550F3A83}"
EndProject
Project("{FAE04EC0-301F-11D3-BF4B-00C04F79EFBC}") = "DeCatCoding", "DeCatCoding\DeCatCoding.csproj", "{ECAF1B68-A64E-45C1-B2F6-FF00D7B5579D}"
EndProject
Project("{FAE04EC0-301F-11D3-BF4B-00C04F79EFBC}") = "Carpets", "Carpets\Carpets.csproj", "{94991BE4-A44A-4E54-BA20-FB0B08A37C90}"
EndProject
Project("{FAE04EC0-301F-11D3-BF4B-00C04F79EFBC}") = "FormulaBitOne", "FormulaBitOne\FormulaBitOne.csproj", "{7765A304-86B0-479B-8572-BD45FE8C595F}"
EndProject
Project("{FAE04EC0-301F-11D3-BF4B-00C04F79EFBC}") = "TelerikLogo", "TelerikLogo\TelerikLogo.csproj", "{6D42942D-7EA0-4E81-8E4A-A0411A5D7070}"
EndProject
Global
	GlobalSection(SolutionConfigurationPlatforms) = preSolution
		Debug|Any CPU = Debug|Any CPU
		Release|Any CPU = Release|Any CPU
	EndGlobalSection
	GlobalSection(ProjectConfigurationPlatforms) = postSolution
		{B7C5ED53-B688-4809-8D65-BF09317465AB}.Debug|Any CPU.ActiveCfg = Debug|Any CPU
		{B7C5ED53-B688-4809-8D65-BF09317465AB}.Debug|Any CPU.Build.0 = Debug|Any CPU
		{B7C5ED53-B688-4809-8D65-BF09317465AB}.Release|Any CPU.ActiveCfg = Release|Any CPU
		{B7C5ED53-B688-4809-8D65-BF09317465AB}.Release|Any CPU.Build.0 = Release|Any CPU
		{0914F3A9-4932-49AE-BD2D-E8215F399138}.Debug|Any CPU.ActiveCfg = Debug|Any CPU
		{0914F3A9-4932-49AE-BD2D-E8215F399138}.Debug|Any CPU.Build.0 = Debug|Any CPU
		{0914F3A9-4932-49AE-BD2D-E8215F399138}.Release|Any CPU.ActiveCfg = Release|Any CPU
		{0914F3A9-4932-49AE-BD2D-E8215F399138}.Release|Any CPU.Build.0 = Release|Any CPU
		{B98F8EBE-2130-4DF7-A03E-39048FC1C20C}.Debug|Any CPU.ActiveCfg = Debug|Any CPU
		{B98F8EBE-2130-4DF7-A03E-39048FC1C20C}.Debug|Any CPU.Build.0 = Debug|Any CPU
		{B98F8EBE-2130-4DF7-A03E-39048FC1C20C}.Release|Any CPU.ActiveCfg = Release|Any CPU
		{B98F8EBE-2130-4DF7-A03E-39048FC1C20C}.Release|Any CPU.Build.0 = Release|Any CPU
		{C79E2A99-5E10-4FA2-8A53-22F53CE74416}.Debug|Any CPU.ActiveCfg = Debug|Any CPU
		{C79E2A99-5E10-4FA2-8A53-22F53CE74416}.Debug|Any CPU.Build.0 = Debug|Any CPU
		{C79E2A99-5E10-4FA2-8A53-22F53CE74416}.Release|Any CPU.ActiveCfg = Release|Any CPU
		{C79E2A99-5E10-4FA2-8A53-22F53CE74416}.Release|Any CPU.Build.0 = Release|Any CPU
		{50F88F4F-9B88-41A6-83B2-72DAC782828F}.Debug|Any CPU.ActiveCfg = Debug|Any CPU
		{50F88F4F-9B88-41A6-83B2-72DAC782828F}.Debug|Any CPU.Build.0 = Debug|Any CPU
		{50F88F4F-9B88-41A6-83B2-72DAC782828F}.Release|Any CPU.ActiveCfg = Release|Any CPU
		{50F88F4F-9B88-41A6-83B2-72DAC782828F}.Release|Any CPU.Build.0 = Release|Any CPU
		{50310933-E0F8-46DD-A5AB-6069870B6F63}.Debug|Any CPU.ActiveCfg = Debug|Any CPU
		{50310933-E0F8-46DD-A5AB-6069870B6F63}.Debug|Any CPU.Build.0 = Debug|Any CPU
		{50310933-E0F8-46DD-A5AB-6069870B6F63}.Release|Any CPU.ActiveCfg = Release|Any CPU
		{50310933-E0F8-46DD-A5AB-6069870B6F63}.Release|Any CPU.Build.0 = Release|Any CPU
		{9D417E0F-D59F-4E95-B770-6C6D94AD928A}.Debug|Any CPU.ActiveCfg = Debug|Any CPU
		{9D417E0F-D59F-4E95-B770-6C6D94AD928A}.Debug|Any CPU.Build.0 = Debug|Any CPU
		{9D417E0F-D59F-4E95-B770-6C6D94AD928A}.Release|Any CPU.ActiveCfg = Release|Any CPU
		{9D417E0F-D59F-4E95-B770-6C6D94AD928A}.Release|Any CPU.Build.0 = Release|Any CPU
		{D284E154-82A5-445A-AE05-1B6B7C681827}.Debug|Any CPU.ActiveCfg = Debug|Any CPU
		{D284E154-82A5-445A-AE05-1B6B7C681827}.Debug|Any CPU.Build.0 = Debug|Any CPU
		{D284E154-82A5-445A-AE05-1B6B7C681827}.Release|Any CPU.ActiveCfg = Release|Any CPU
		{D284E154-82A5-445A-AE05-1B6B7C681827}.Release|Any CPU.Build.0 = Release|Any CPU
		{E982FD69-8499-4D54-BF76-111E7B298B7D}.Debug|Any CPU.ActiveCfg = Debug|Any CPU
		{E982FD69-8499-4D54-BF76-111E7B298B7D}.Debug|Any CPU.Build.0 = Debug|Any CPU
		{E982FD69-8499-4D54-BF76-111E7B298B7D}.Release|Any CPU.ActiveCfg = Release|Any CPU
		{E982FD69-8499-4D54-BF76-111E7B298B7D}.Release|Any CPU.Build.0 = Release|Any CPU
		{6FC170D0-CC8A-4FB0-ABA5-24141253E02B}.Debug|Any CPU.ActiveCfg = Debug|Any CPU
		{6FC170D0-CC8A-4FB0-ABA5-24141253E02B}.Debug|Any CPU.Build.0 = Debug|Any CPU
		{6FC170D0-CC8A-4FB0-ABA5-24141253E02B}.Release|Any CPU.ActiveCfg = Release|Any CPU
		{6FC170D0-CC8A-4FB0-ABA5-24141253E02B}.Release|Any CPU.Build.0 = Release|Any CPU
		{EEE6D6D2-23DC-4A49-B238-E99EBD002838}.Debug|Any CPU.ActiveCfg = Debug|Any CPU
		{EEE6D6D2-23DC-4A49-B238-E99EBD002838}.Debug|Any CPU.Build.0 = Debug|Any CPU
		{EEE6D6D2-23DC-4A49-B238-E99EBD002838}.Release|Any CPU.ActiveCfg = Release|Any CPU
		{EEE6D6D2-23DC-4A49-B238-E99EBD002838}.Release|Any CPU.Build.0 = Release|Any CPU
		{EF332BA7-6FB7-4A95-8CCB-6782B922B255}.Debug|Any CPU.ActiveCfg = Debug|Any CPU
		{EF332BA7-6FB7-4A95-8CCB-6782B922B255}.Debug|Any CPU.Build.0 = Debug|Any CPU
		{EF332BA7-6FB7-4A95-8CCB-6782B922B255}.Release|Any CPU.ActiveCfg = Release|Any CPU
		{EF332BA7-6FB7-4A95-8CCB-6782B922B255}.Release|Any CPU.Build.0 = Release|Any CPU
		{55DED346-1DB5-45C4-983B-1078608F13F5}.Debug|Any CPU.ActiveCfg = Debug|Any CPU
		{55DED346-1DB5-45C4-983B-1078608F13F5}.Debug|Any CPU.Build.0 = Debug|Any CPU
		{55DED346-1DB5-45C4-983B-1078608F13F5}.Release|Any CPU.ActiveCfg = Release|Any CPU
		{55DED346-1DB5-45C4-983B-1078608F13F5}.Release|Any CPU.Build.0 = Release|Any CPU
		{AA18836B-1EBB-400E-BA9D-AA3DACD2DDE1}.Debug|Any CPU.ActiveCfg = Debug|Any CPU
		{AA18836B-1EBB-400E-BA9D-AA3DACD2DDE1}.Debug|Any CPU.Build.0 = Debug|Any CPU
		{AA18836B-1EBB-400E-BA9D-AA3DACD2DDE1}.Release|Any CPU.ActiveCfg = Release|Any CPU
		{AA18836B-1EBB-400E-BA9D-AA3DACD2DDE1}.Release|Any CPU.Build.0 = Release|Any CPU
		{4967D545-A85C-4A01-B6C6-8361550F3A83}.Debug|Any CPU.ActiveCfg = Debug|Any CPU
		{4967D545-A85C-4A01-B6C6-8361550F3A83}.Debug|Any CPU.Build.0 = Debug|Any CPU
		{4967D545-A85C-4A01-B6C6-8361550F3A83}.Release|Any CPU.ActiveCfg = Release|Any CPU
		{4967D545-A85C-4A01-B6C6-8361550F3A83}.Release|Any CPU.Build.0 = Release|Any CPU
		{ECAF1B68-A64E-45C1-B2F6-FF00D7B5579D}.Debug|Any CPU.ActiveCfg = Debug|Any CPU
		{ECAF1B68-A64E-45C1-B2F6-FF00D7B5579D}.Debug|Any CPU.Build.0 = Debug|Any CPU
		{ECAF1B68-A64E-45C1-B2F6-FF00D7B5579D}.Release|Any CPU.ActiveCfg = Release|Any CPU
		{ECAF1B68-A64E-45C1-B2F6-FF00D7B5579D}.Release|Any CPU.Build.0 = Release|Any CPU
		{94991BE4-A44A-4E54-BA20-FB0B08A37C90}.Debug|Any CPU.ActiveCfg = Debug|Any CPU
		{94991BE4-A44A-4E54-BA20-FB0B08A37C90}.Debug|Any CPU.Build.0 = Debug|Any CPU
		{94991BE4-A44A-4E54-BA20-FB0B08A37C90}.Release|Any CPU.ActiveCfg = Release|Any CPU
		{94991BE4-A44A-4E54-BA20-FB0B08A37C90}.Release|Any CPU.Build.0 = Release|Any CPU
		{7765A304-86B0-479B-8572-BD45FE8C595F}.Debug|Any CPU.ActiveCfg = Debug|Any CPU
		{7765A304-86B0-479B-8572-BD45FE8C595F}.Debug|Any CPU.Build.0 = Debug|Any CPU
		{7765A304-86B0-479B-8572-BD45FE8C595F}.Release|Any CPU.ActiveCfg = Release|Any CPU
		{7765A304-86B0-479B-8572-BD45FE8C595F}.Release|Any CPU.Build.0 = Release|Any CPU
		{6D42942D-7EA0-4E81-8E4A-A0411A5D7070}.Debug|Any CPU.ActiveCfg = Debug|Any CPU
		{6D42942D-7EA0-4E81-8E4A-A0411A5D7070}.Debug|Any CPU.Build.0 = Debug|Any CPU
		{6D42942D-7EA0-4E81-8E4A-A0411A5D7070}.Release|Any CPU.ActiveCfg = Release|Any CPU
		{6D42942D-7EA0-4E81-8E4A-A0411A5D7070}.Release|Any CPU.Build.0 = Release|Any CPU
	EndGlobalSection
	GlobalSection(SolutionProperties) = preSolution
		HideSolutionNode = FALSE
	EndGlobalSection
EndGlobal
