
Microsoft Visual Studio Solution File, Format Version 12.00
# Visual Studio 14
VisualStudioVersion = 14.0.25123.0
MinimumVisualStudioVersion = 10.0.40219.1
Project("{FAE04EC0-301F-11D3-BF4B-00C04F79EFBC}") = "BasicBasic", "BasicBasic\BasicBasic.csproj", "{E351C283-B98B-4CC5-BEE7-7DA7FED9C6B6}"
EndProject
Project("{FAE04EC0-301F-11D3-BF4B-00C04F79EFBC}") = "PHPVars", "PHPVars\PHPVars.csproj", "{0A1449E4-2548-4A79-9FAC-03E9B60F2C9B}"
EndProject
Project("{FAE04EC0-301F-11D3-BF4B-00C04F79EFBC}") = "RelevanceIndex", "RelevanceIndex\RelevanceIndex.csproj", "{51473F26-2D34-49EF-A326-D02FBF113D7A}"
EndProject
Project("{FAE04EC0-301F-11D3-BF4B-00C04F79EFBC}") = "MultiverseCommunicationWithLists", "MultiverseCommunication\MultiverseCommunicationWithLists.csproj", "{BE4C9440-48C7-420F-9531-8E03F020C811}"
EndProject
Project("{FAE04EC0-301F-11D3-BF4B-00C04F79EFBC}") = "MagicWords", "MagicWords\MagicWords.csproj", "{B5263B30-005F-4C81-9A70-CB2F2D03E14A}"
EndProject
Project("{FAE04EC0-301F-11D3-BF4B-00C04F79EFBC}") = "DecodeAndDecrypt", "DecodeAndDecrypt\DecodeAndDecrypt.csproj", "{86B3E060-D772-44D2-9E08-65E4760EB671}"
EndProject
Project("{FAE04EC0-301F-11D3-BF4B-00C04F79EFBC}") = "MovingLetters", "MovingLetters\MovingLetters.csproj", "{FFD62828-46EA-48A1-B04C-074754894B46}"
EndProject
Project("{FAE04EC0-301F-11D3-BF4B-00C04F79EFBC}") = "Zerg", "Zerg\Zerg.csproj", "{B9DC3847-65F2-4D8E-88DA-1540755A31D6}"
EndProject
Project("{FAE04EC0-301F-11D3-BF4B-00C04F79EFBC}") = "StrangelandNumbers", "StrangelandNumbers\StrangelandNumbers.csproj", "{283D26B6-3F0E-4CEF-BD10-03092D447A6A}"
EndProject
Global
	GlobalSection(SolutionConfigurationPlatforms) = preSolution
		Debug|Any CPU = Debug|Any CPU
		Release|Any CPU = Release|Any CPU
	EndGlobalSection
	GlobalSection(ProjectConfigurationPlatforms) = postSolution
		{E351C283-B98B-4CC5-BEE7-7DA7FED9C6B6}.Debug|Any CPU.ActiveCfg = Debug|Any CPU
		{E351C283-B98B-4CC5-BEE7-7DA7FED9C6B6}.Debug|Any CPU.Build.0 = Debug|Any CPU
		{E351C283-B98B-4CC5-BEE7-7DA7FED9C6B6}.Release|Any CPU.ActiveCfg = Release|Any CPU
		{E351C283-B98B-4CC5-BEE7-7DA7FED9C6B6}.Release|Any CPU.Build.0 = Release|Any CPU
		{0A1449E4-2548-4A79-9FAC-03E9B60F2C9B}.Debug|Any CPU.ActiveCfg = Debug|Any CPU
		{0A1449E4-2548-4A79-9FAC-03E9B60F2C9B}.Debug|Any CPU.Build.0 = Debug|Any CPU
		{0A1449E4-2548-4A79-9FAC-03E9B60F2C9B}.Release|Any CPU.ActiveCfg = Release|Any CPU
		{0A1449E4-2548-4A79-9FAC-03E9B60F2C9B}.Release|Any CPU.Build.0 = Release|Any CPU
		{51473F26-2D34-49EF-A326-D02FBF113D7A}.Debug|Any CPU.ActiveCfg = Debug|Any CPU
		{51473F26-2D34-49EF-A326-D02FBF113D7A}.Debug|Any CPU.Build.0 = Debug|Any CPU
		{51473F26-2D34-49EF-A326-D02FBF113D7A}.Release|Any CPU.ActiveCfg = Release|Any CPU
		{51473F26-2D34-49EF-A326-D02FBF113D7A}.Release|Any CPU.Build.0 = Release|Any CPU
		{BE4C9440-48C7-420F-9531-8E03F020C811}.Debug|Any CPU.ActiveCfg = Debug|Any CPU
		{BE4C9440-48C7-420F-9531-8E03F020C811}.Debug|Any CPU.Build.0 = Debug|Any CPU
		{BE4C9440-48C7-420F-9531-8E03F020C811}.Release|Any CPU.ActiveCfg = Release|Any CPU
		{BE4C9440-48C7-420F-9531-8E03F020C811}.Release|Any CPU.Build.0 = Release|Any CPU
		{B5263B30-005F-4C81-9A70-CB2F2D03E14A}.Debug|Any CPU.ActiveCfg = Debug|Any CPU
		{B5263B30-005F-4C81-9A70-CB2F2D03E14A}.Debug|Any CPU.Build.0 = Debug|Any CPU
		{B5263B30-005F-4C81-9A70-CB2F2D03E14A}.Release|Any CPU.ActiveCfg = Release|Any CPU
		{B5263B30-005F-4C81-9A70-CB2F2D03E14A}.Release|Any CPU.Build.0 = Release|Any CPU
		{86B3E060-D772-44D2-9E08-65E4760EB671}.Debug|Any CPU.ActiveCfg = Debug|Any CPU
		{86B3E060-D772-44D2-9E08-65E4760EB671}.Debug|Any CPU.Build.0 = Debug|Any CPU
		{86B3E060-D772-44D2-9E08-65E4760EB671}.Release|Any CPU.ActiveCfg = Release|Any CPU
		{86B3E060-D772-44D2-9E08-65E4760EB671}.Release|Any CPU.Build.0 = Release|Any CPU
		{FFD62828-46EA-48A1-B04C-074754894B46}.Debug|Any CPU.ActiveCfg = Debug|Any CPU
		{FFD62828-46EA-48A1-B04C-074754894B46}.Debug|Any CPU.Build.0 = Debug|Any CPU
		{FFD62828-46EA-48A1-B04C-074754894B46}.Release|Any CPU.ActiveCfg = Release|Any CPU
		{FFD62828-46EA-48A1-B04C-074754894B46}.Release|Any CPU.Build.0 = Release|Any CPU
		{B9DC3847-65F2-4D8E-88DA-1540755A31D6}.Debug|Any CPU.ActiveCfg = Debug|Any CPU
		{B9DC3847-65F2-4D8E-88DA-1540755A31D6}.Debug|Any CPU.Build.0 = Debug|Any CPU
		{B9DC3847-65F2-4D8E-88DA-1540755A31D6}.Release|Any CPU.ActiveCfg = Release|Any CPU
		{B9DC3847-65F2-4D8E-88DA-1540755A31D6}.Release|Any CPU.Build.0 = Release|Any CPU
		{283D26B6-3F0E-4CEF-BD10-03092D447A6A}.Debug|Any CPU.ActiveCfg = Debug|Any CPU
		{283D26B6-3F0E-4CEF-BD10-03092D447A6A}.Debug|Any CPU.Build.0 = Debug|Any CPU
		{283D26B6-3F0E-4CEF-BD10-03092D447A6A}.Release|Any CPU.ActiveCfg = Release|Any CPU
		{283D26B6-3F0E-4CEF-BD10-03092D447A6A}.Release|Any CPU.Build.0 = Release|Any CPU
	EndGlobalSection
	GlobalSection(SolutionProperties) = preSolution
		HideSolutionNode = FALSE
	EndGlobalSection
EndGlobal
